// !$*UTF8*$!
{
	archiveVersion = 1;
	classes = {
	};
	objectVersion = 46;
	objects = {

/* Begin PBXBuildFile section */
		B49E6E851F63097800826DF9 /* main.m in Sources */ = {isa = PBXBuildFile; fileRef = B49E6E841F63097800826DF9 /* main.m */; };
		B49E6E881F63097800826DF9 /* AppDelegate.m in Sources */ = {isa = PBXBuildFile; fileRef = B49E6E871F63097800826DF9 /* AppDelegate.m */; };
		B49E6E8B1F63097800826DF9 /* ViewController.m in Sources */ = {isa = PBXBuildFile; fileRef = B49E6E8A1F63097800826DF9 /* ViewController.m */; };
		B49E6E8E1F63097800826DF9 /* Main.storyboard in Resources */ = {isa = PBXBuildFile; fileRef = B49E6E8C1F63097800826DF9 /* Main.storyboard */; };
		B49E6E901F63097800826DF9 /* Assets.xcassets in Resources */ = {isa = PBXBuildFile; fileRef = B49E6E8F1F63097800826DF9 /* Assets.xcassets */; };
		B49E6E931F63097800826DF9 /* LaunchScreen.storyboard in Resources */ = {isa = PBXBuildFile; fileRef = B49E6E911F63097800826DF9 /* LaunchScreen.storyboard */; };
		B49E6E9E1F63097800826DF9 /* XYKitTests.m in Sources */ = {isa = PBXBuildFile; fileRef = B49E6E9D1F63097800826DF9 /* XYKitTests.m */; };
		B49E6EA91F63097800826DF9 /* XYKitUITests.m in Sources */ = {isa = PBXBuildFile; fileRef = B49E6EA81F63097800826DF9 /* XYKitUITests.m */; };
/* End PBXBuildFile section */

/* Begin PBXContainerItemProxy section */
		B49E6E9A1F63097800826DF9 /* PBXContainerItemProxy */ = {
			isa = PBXContainerItemProxy;
			containerPortal = B49E6E781F63097800826DF9 /* Project object */;
			proxyType = 1;
			remoteGlobalIDString = B49E6E7F1F63097800826DF9;
			remoteInfo = XYKit;
		};
		B49E6EA51F63097800826DF9 /* PBXContainerItemProxy */ = {
			isa = PBXContainerItemProxy;
			containerPortal = B49E6E781F63097800826DF9 /* Project object */;
			proxyType = 1;
			remoteGlobalIDString = B49E6E7F1F63097800826DF9;
			remoteInfo = XYKit;
		};
/* End PBXContainerItemProxy section */

/* Begin PBXFileReference section */
		B49E6E801F63097800826DF9 /* XYKit.app */ = {isa = PBXFileReference; explicitFileType = wrapper.application; includeInIndex = 0; path = XYKit.app; sourceTree = BUILT_PRODUCTS_DIR; };
		B49E6E841F63097800826DF9 /* main.m */ = {isa = PBXFileReference; lastKnownFileType = sourcecode.c.objc; path = main.m; sourceTree = "<group>"; };
		B49E6E861F63097800826DF9 /* AppDelegate.h */ = {isa = PBXFileReference; lastKnownFileType = sourcecode.c.h; path = AppDelegate.h; sourceTree = "<group>"; };
		B49E6E871F63097800826DF9 /* AppDelegate.m */ = {isa = PBXFileReference; lastKnownFileType = sourcecode.c.objc; path = AppDelegate.m; sourceTree = "<group>"; };
		B49E6E891F63097800826DF9 /* ViewController.h */ = {isa = PBXFileReference; lastKnownFileType = sourcecode.c.h; path = ViewController.h; sourceTree = "<group>"; };
		B49E6E8A1F63097800826DF9 /* ViewController.m */ = {isa = PBXFileReference; lastKnownFileType = sourcecode.c.objc; path = ViewController.m; sourceTree = "<group>"; };
		B49E6E8D1F63097800826DF9 /* Base */ = {isa = PBXFileReference; lastKnownFileType = file.storyboard; name = Base; path = Base.lproj/Main.storyboard; sourceTree = "<group>"; };
		B49E6E8F1F63097800826DF9 /* Assets.xcassets */ = {isa = PBXFileReference; lastKnownFileType = folder.assetcatalog; path = Assets.xcassets; sourceTree = "<group>"; };
		B49E6E921F63097800826DF9 /* Base */ = {isa = PBXFileReference; lastKnownFileType = file.storyboard; name = Base; path = Base.lproj/LaunchScreen.storyboard; sourceTree = "<group>"; };
		B49E6E941F63097800826DF9 /* Info.plist */ = {isa = PBXFileReference; lastKnownFileType = text.plist.xml; path = Info.plist; sourceTree = "<group>"; };
		B49E6E991F63097800826DF9 /* XYKitTests.xctest */ = {isa = PBXFileReference; explicitFileType = wrapper.cfbundle; includeInIndex = 0; path = XYKitTests.xctest; sourceTree = BUILT_PRODUCTS_DIR; };
		B49E6E9D1F63097800826DF9 /* XYKitTests.m */ = {isa = PBXFileReference; lastKnownFileType = sourcecode.c.objc; path = XYKitTests.m; sourceTree = "<group>"; };
		B49E6E9F1F63097800826DF9 /* Info.plist */ = {isa = PBXFileReference; lastKnownFileType = text.plist.xml; path = Info.plist; sourceTree = "<group>"; };
		B49E6EA41F63097800826DF9 /* XYKitUITests.xctest */ = {isa = PBXFileReference; explicitFileType = wrapper.cfbundle; includeInIndex = 0; path = XYKitUITests.xctest; sourceTree = BUILT_PRODUCTS_DIR; };
		B49E6EA81F63097800826DF9 /* XYKitUITests.m */ = {isa = PBXFileReference; lastKnownFileType = sourcecode.c.objc; path = XYKitUITests.m; sourceTree = "<group>"; };
		B49E6EAA1F63097800826DF9 /* Info.plist */ = {isa = PBXFileReference; lastKnownFileType = text.plist.xml; path = Info.plist; sourceTree = "<group>"; };
/* End PBXFileReference section */

/* Begin PBXFrameworksBuildPhase section */
		B49E6E7D1F63097800826DF9 /* Frameworks */ = {
			isa = PBXFrameworksBuildPhase;
			buildActionMask = 2147483647;
			files = (
			);
			runOnlyForDeploymentPostprocessing = 0;
		};
		B49E6E961F63097800826DF9 /* Frameworks */ = {
			isa = PBXFrameworksBuildPhase;
			buildActionMask = 2147483647;
			files = (
			);
			runOnlyForDeploymentPostprocessing = 0;
		};
		B49E6EA11F63097800826DF9 /* Frameworks */ = {
			isa = PBXFrameworksBuildPhase;
			buildActionMask = 2147483647;
			files = (
			);
			runOnlyForDeploymentPostprocessing = 0;
		};
/* End PBXFrameworksBuildPhase section */

/* Begin PBXGroup section */
		B49E6E771F63097800826DF9 = {
			isa = PBXGroup;
			children = (
				B49E6E821F63097800826DF9 /* XYKit */,
				B49E6E9C1F63097800826DF9 /* XYKitTests */,
				B49E6EA71F63097800826DF9 /* XYKitUITests */,
				B49E6E811F63097800826DF9 /* Products */,
			);
			sourceTree = "<group>";
		};
		B49E6E811F63097800826DF9 /* Products */ = {
			isa = PBXGroup;
			children = (
				B49E6E801F63097800826DF9 /* XYKit.app */,
				B49E6E991F63097800826DF9 /* XYKitTests.xctest */,
				B49E6EA41F63097800826DF9 /* XYKitUITests.xctest */,
			);
			name = Products;
			sourceTree = "<group>";
		};
		B49E6E821F63097800826DF9 /* XYKit */ = {
			isa = PBXGroup;
			children = (
				B49E6E861F63097800826DF9 /* AppDelegate.h */,
				B49E6E871F63097800826DF9 /* AppDelegate.m */,
				B49E6E891F63097800826DF9 /* ViewController.h */,
				B49E6E8A1F63097800826DF9 /* ViewController.m */,
				B49E6E8C1F63097800826DF9 /* Main.storyboard */,
				B49E6E8F1F63097800826DF9 /* Assets.xcassets */,
				B49E6E911F63097800826DF9 /* LaunchScreen.storyboard */,
				B49E6E941F63097800826DF9 /* Info.plist */,
				B49E6E831F63097800826DF9 /* Supporting Files */,
			);
			path = XYKit;
			sourceTree = "<group>";
		};
		B49E6E831F63097800826DF9 /* Supporting Files */ = {
			isa = PBXGroup;
			children = (
				B49E6E841F63097800826DF9 /* main.m */,
			);
			name = "Supporting Files";
			sourceTree = "<group>";
		};
		B49E6E9C1F63097800826DF9 /* XYKitTests */ = {
			isa = PBXGroup;
			children = (
				B49E6E9D1F63097800826DF9 /* XYKitTests.m */,
				B49E6E9F1F63097800826DF9 /* Info.plist */,
			);
			path = XYKitTests;
			sourceTree = "<group>";
		};
		B49E6EA71F63097800826DF9 /* XYKitUITests */ = {
			isa = PBXGroup;
			children = (
				B49E6EA81F63097800826DF9 /* XYKitUITests.m */,
				B49E6EAA1F63097800826DF9 /* Info.plist */,
			);
			path = XYKitUITests;
			sourceTree = "<group>";
		};
/* End PBXGroup section */

/* Begin PBXNativeTarget section */
		B49E6E7F1F63097800826DF9 /* XYKit */ = {
			isa = PBXNativeTarget;
			buildConfigurationList = B49E6EAD1F63097800826DF9 /* Build configuration list for PBXNativeTarget "XYKit" */;
			buildPhases = (
				B49E6E7C1F63097800826DF9 /* Sources */,
				B49E6E7D1F63097800826DF9 /* Frameworks */,
				B49E6E7E1F63097800826DF9 /* Resources */,
			);
			buildRules = (
			);
			dependencies = (
			);
			name = XYKit;
			productName = XYKit;
			productReference = B49E6E801F63097800826DF9 /* XYKit.app */;
			productType = "com.apple.product-type.application";
		};
		B49E6E981F63097800826DF9 /* XYKitTests */ = {
			isa = PBXNativeTarget;
			buildConfigurationList = B49E6EB01F63097800826DF9 /* Build configuration list for PBXNativeTarget "XYKitTests" */;
			buildPhases = (
				B49E6E951F63097800826DF9 /* Sources */,
				B49E6E961F63097800826DF9 /* Frameworks */,
				B49E6E971F63097800826DF9 /* Resources */,
			);
			buildRules = (
			);
			dependencies = (
				B49E6E9B1F63097800826DF9 /* PBXTargetDependency */,
			);
			name = XYKitTests;
			productName = XYKitTests;
			productReference = B49E6E991F63097800826DF9 /* XYKitTests.xctest */;
			productType = "com.apple.product-type.bundle.unit-test";
		};
		B49E6EA31F63097800826DF9 /* XYKitUITests */ = {
			isa = PBXNativeTarget;
			buildConfigurationList = B49E6EB31F63097800826DF9 /* Build configuration list for PBXNativeTarget "XYKitUITests" */;
			buildPhases = (
				B49E6EA01F63097800826DF9 /* Sources */,
				B49E6EA11F63097800826DF9 /* Frameworks */,
				B49E6EA21F63097800826DF9 /* Resources */,
			);
			buildRules = (
			);
			dependencies = (
				B49E6EA61F63097800826DF9 /* PBXTargetDependency */,
			);
			name = XYKitUITests;
			productName = XYKitUITests;
			productReference = B49E6EA41F63097800826DF9 /* XYKitUITests.xctest */;
			productType = "com.apple.product-type.bundle.ui-testing";
		};
/* End PBXNativeTarget section */

/* Begin PBXProject section */
		B49E6E781F63097800826DF9 /* Project object */ = {
			isa = PBXProject;
			attributes = {
				LastUpgradeCheck = 0830;
				ORGANIZATIONNAME = XiaoYou;
				TargetAttributes = {
					B49E6E7F1F63097800826DF9 = {
						CreatedOnToolsVersion = 8.3.3;
						DevelopmentTeam = SLUU2646N5;
						ProvisioningStyle = Automatic;
					};
					B49E6E981F63097800826DF9 = {
						CreatedOnToolsVersion = 8.3.3;
						DevelopmentTeam = SLUU2646N5;
						ProvisioningStyle = Automatic;
						TestTargetID = B49E6E7F1F63097800826DF9;
					};
					B49E6EA31F63097800826DF9 = {
						CreatedOnToolsVersion = 8.3.3;
						DevelopmentTeam = SLUU2646N5;
						ProvisioningStyle = Automatic;
						TestTargetID = B49E6E7F1F63097800826DF9;
					};
				};
			};
			buildConfigurationList = B49E6E7B1F63097800826DF9 /* Build configuration list for PBXProject "XYKit" */;
			compatibilityVersion = "Xcode 3.2";
			developmentRegion = English;
			hasScannedForEncodings = 0;
			knownRegions = (
				en,
				Base,
			);
			mainGroup = B49E6E771F63097800826DF9;
			productRefGroup = B49E6E811F63097800826DF9 /* Products */;
			projectDirPath = "";
			projectRoot = "";
			targets = (
				B49E6E7F1F63097800826DF9 /* XYKit */,
				B49E6E981F63097800826DF9 /* XYKitTests */,
				B49E6EA31F63097800826DF9 /* XYKitUITests */,
			);
		};
/* End PBXProject section */

/* Begin PBXResourcesBuildPhase section */
		B49E6E7E1F63097800826DF9 /* Resources */ = {
			isa = PBXResourcesBuildPhase;
			buildActionMask = 2147483647;
			files = (
				B49E6E931F63097800826DF9 /* LaunchScreen.storyboard in Resources */,
				B49E6E901F63097800826DF9 /* Assets.xcassets in Resources */,
				B49E6E8E1F63097800826DF9 /* Main.storyboard in Resources */,
			);
			runOnlyForDeploymentPostprocessing = 0;
		};
		B49E6E971F63097800826DF9 /* Resources */ = {
			isa = PBXResourcesBuildPhase;
			buildActionMask = 2147483647;
			files = (
			);
			runOnlyForDeploymentPostprocessing = 0;
		};
		B49E6EA21F63097800826DF9 /* Resources */ = {
			isa = PBXResourcesBuildPhase;
			buildActionMask = 2147483647;
			files = (
			);
			runOnlyForDeploymentPostprocessing = 0;
		};
/* End PBXResourcesBuildPhase section */

/* Begin PBXSourcesBuildPhase section */
		B49E6E7C1F63097800826DF9 /* Sources */ = {
			isa = PBXSourcesBuildPhase;
			buildActionMask = 2147483647;
			files = (
				B49E6E8B1F63097800826DF9 /* ViewController.m in Sources */,
				B49E6E881F63097800826DF9 /* AppDelegate.m in Sources */,
				B49E6E851F63097800826DF9 /* main.m in Sources */,
			);
			runOnlyForDeploymentPostprocessing = 0;
		};
		B49E6E951F63097800826DF9 /* Sources */ = {
			isa = PBXSourcesBuildPhase;
			buildActionMask = 2147483647;
			files = (
				B49E6E9E1F63097800826DF9 /* XYKitTests.m in Sources */,
			);
			runOnlyForDeploymentPostprocessing = 0;
		};
		B49E6EA01F63097800826DF9 /* Sources */ = {
			isa = PBXSourcesBuildPhase;
			buildActionMask = 2147483647;
			files = (
				B49E6EA91F63097800826DF9 /* XYKitUITests.m in Sources */,
			);
			runOnlyForDeploymentPostprocessing = 0;
		};
/* End PBXSourcesBuildPhase section */

/* Begin PBXTargetDependency section */
		B49E6E9B1F63097800826DF9 /* PBXTargetDependency */ = {
			isa = PBXTargetDependency;
			target = B49E6E7F1F63097800826DF9 /* XYKit */;
			targetProxy = B49E6E9A1F63097800826DF9 /* PBXContainerItemProxy */;
		};
		B49E6EA61F63097800826DF9 /* PBXTargetDependency */ = {
			isa = PBXTargetDependency;
			target = B49E6E7F1F63097800826DF9 /* XYKit */;
			targetProxy = B49E6EA51F63097800826DF9 /* PBXContainerItemProxy */;
		};
/* End PBXTargetDependency section */

/* Begin PBXVariantGroup section */
		B49E6E8C1F63097800826DF9 /* Main.storyboard */ = {
			isa = PBXVariantGroup;
			children = (
				B49E6E8D1F63097800826DF9 /* Base */,
			);
			name = Main.storyboard;
			sourceTree = "<group>";
		};
		B49E6E911F63097800826DF9 /* LaunchScreen.storyboard */ = {
			isa = PBXVariantGroup;
			children = (
				B49E6E921F63097800826DF9 /* Base */,
			);
			name = LaunchScreen.storyboard;
			sourceTree = "<group>";
		};
/* End PBXVariantGroup section */

/* Begin XCBuildConfiguration section */
		B49E6EAB1F63097800826DF9 /* Debug */ = {
			isa = XCBuildConfiguration;
			buildSettings = {
				ALWAYS_SEARCH_USER_PATHS = NO;
				CLANG_ANALYZER_NONNULL = YES;
				CLANG_ANALYZER_NUMBER_OBJECT_CONVERSION = YES_AGGRESSIVE;
				CLANG_CXX_LANGUAGE_STANDARD = "gnu++0x";
				CLANG_CXX_LIBRARY = "libc++";
				CLANG_ENABLE_MODULES = YES;
				CLANG_ENABLE_OBJC_ARC = YES;
				CLANG_WARN_BOOL_CONVERSION = YES;
				CLANG_WARN_CONSTANT_CONVERSION = YES;
				CLANG_WARN_DIRECT_OBJC_ISA_USAGE = YES_ERROR;
				CLANG_WARN_DOCUMENTATION_COMMENTS = YES;
				CLANG_WARN_EMPTY_BODY = YES;
				CLANG_WARN_ENUM_CONVERSION = YES;
				CLANG_WARN_INFINITE_RECURSION = YES;
				CLANG_WARN_INT_CONVERSION = YES;
				CLANG_WARN_OBJC_ROOT_CLASS = YES_ERROR;
				CLANG_WARN_SUSPICIOUS_MOVE = YES;
				CLANG_WARN_UNREACHABLE_CODE = YES;
				CLANG_WARN__DUPLICATE_METHOD_MATCH = YES;
				"CODE_SIGN_IDENTITY[sdk=iphoneos*]" = "iPhone Developer";
				COPY_PHASE_STRIP = NO;
				DEBUG_INFORMATION_FORMAT = dwarf;
				ENABLE_STRICT_OBJC_MSGSEND = YES;
				ENABLE_TESTABILITY = YES;
				GCC_C_LANGUAGE_STANDARD = gnu99;
				GCC_DYNAMIC_NO_PIC = NO;
				GCC_NO_COMMON_BLOCKS = YES;
				GCC_OPTIMIZATION_LEVEL = 0;
				GCC_PREPROCESSOR_DEFINITIONS = (
					"DEBUG=1",
					"$(inherited)",
				);
				GCC_WARN_64_TO_32_BIT_CONVERSION = YES;
				GCC_WARN_ABOUT_RETURN_TYPE = YES_ERROR;
				GCC_WARN_UNDECLARED_SELECTOR = YES;
				GCC_WARN_UNINITIALIZED_AUTOS = YES_AGGRESSIVE;
				GCC_WARN_UNUSED_FUNCTION = YES;
				GCC_WARN_UNUSED_VARIABLE = YES;
				IPHONEOS_DEPLOYMENT_TARGET = 10.3;
				MTL_ENABLE_DEBUG_INFO = YES;
				ONLY_ACTIVE_ARCH = YES;
				SDKROOT = iphoneos;
				TARGETED_DEVICE_FAMILY = "1,2";
			};
			name = Debug;
		};
		B49E6EAC1F63097800826DF9 /* Release */ = {
			isa = XCBuildConfiguration;
			buildSettings = {
				ALWAYS_SEARCH_USER_PATHS = NO;
				CLANG_ANALYZER_NONNULL = YES;
				CLANG_ANALYZER_NUMBER_OBJECT_CONVERSION = YES_AGGRESSIVE;
				CLANG_CXX_LANGUAGE_STANDARD = "gnu++0x";
				CLANG_CXX_LIBRARY = "libc++";
				CLANG_ENABLE_MODULES = YES;
				CLANG_ENABLE_OBJC_ARC = YES;
				CLANG_WARN_BOOL_CONVERSION = YES;
				CLANG_WARN_CONSTANT_CONVERSION = YES;
				CLANG_WARN_DIRECT_OBJC_ISA_USAGE = YES_ERROR;
				CLANG_WARN_DOCUMENTATION_COMMENTS = YES;
				CLANG_WARN_EMPTY_BODY = YES;
				CLANG_WARN_ENUM_CONVERSION = YES;
				CLANG_WARN_INFINITE_RECURSION = YES;
				CLANG_WARN_INT_CONVERSION = YES;
				CLANG_WARN_OBJC_ROOT_CLASS = YES_ERROR;
				CLANG_WARN_SUSPICIOUS_MOVE = YES;
				CLANG_WARN_UNREACHABLE_CODE = YES;
				CLANG_WARN__DUPLICATE_METHOD_MATCH = YES;
				"CODE_SIGN_IDENTITY[sdk=iphoneos*]" = "iPhone Developer";
				COPY_PHASE_STRIP = NO;
				DEBUG_INFORMATION_FORMAT = "dwarf-with-dsym";
				ENABLE_NS_ASSERTIONS = NO;
				ENABLE_STRICT_OBJC_MSGSEND = YES;
				GCC_C_LANGUAGE_STANDARD = gnu99;
				GCC_NO_COMMON_BLOCKS = YES;
				GCC_WARN_64_TO_32_BIT_CONVERSION = YES;
				GCC_WARN_ABOUT_RETURN_TYPE = YES_ERROR;
				GCC_WARN_UNDECLARED_SELECTOR = YES;
				GCC_WARN_UNINITIALIZED_AUTOS = YES_AGGRESSIVE;
				GCC_WARN_UNUSED_FUNCTION = YES;
				GCC_WARN_UNUSED_VARIABLE = YES;
				IPHONEOS_DEPLOYMENT_TARGET = 10.3;
				MTL_ENABLE_DEBUG_INFO = NO;
				SDKROOT = iphoneos;
				TARGETED_DEVICE_FAMILY = "1,2";
				VALIDATE_PRODUCT = YES;
			};
			name = Release;
		};
		B49E6EAE1F63097800826DF9 /* Debug */ = {
			isa = XCBuildConfiguration;
			buildSettings = {
				ASSETCATALOG_COMPILER_APPICON_NAME = AppIcon;
				DEVELOPMENT_TEAM = SLUU2646N5;
				INFOPLIST_FILE = XYKit/Info.plist;
				LD_RUNPATH_SEARCH_PATHS = "$(inherited) @executable_path/Frameworks";
				PRODUCT_BUNDLE_IDENTIFIER = xiaoyou.XYKit;
				PRODUCT_NAME = "$(TARGET_NAME)";
			};
			name = Debug;
		};
		B49E6EAF1F63097800826DF9 /* Release */ = {
			isa = XCBuildConfiguration;
			buildSettings = {
				ASSETCATALOG_COMPILER_APPICON_NAME = AppIcon;
				DEVELOPMENT_TEAM = SLUU2646N5;
				INFOPLIST_FILE = XYKit/Info.plist;
				LD_RUNPATH_SEARCH_PATHS = "$(inherited) @executable_path/Frameworks";
				PRODUCT_BUNDLE_IDENTIFIER = xiaoyou.XYKit;
				PRODUCT_NAME = "$(TARGET_NAME)";
			};
			name = Release;
		};
		B49E6EB11F63097800826DF9 /* Debug */ = {
			isa = XCBuildConfiguration;
			buildSettings = {
				BUNDLE_LOADER = "$(TEST_HOST)";
				DEVELOPMENT_TEAM = SLUU2646N5;
				INFOPLIST_FILE = XYKitTests/Info.plist;
				LD_RUNPATH_SEARCH_PATHS = "$(inherited) @executable_path/Frameworks @loader_path/Frameworks";
				PRODUCT_BUNDLE_IDENTIFIER = xiaoyou.XYKitTests;
				PRODUCT_NAME = "$(TARGET_NAME)";
				TEST_HOST = "$(BUILT_PRODUCTS_DIR)/XYKit.app/XYKit";
			};
			name = Debug;
		};
		B49E6EB21F63097800826DF9 /* Release */ = {
			isa = XCBuildConfiguration;
			buildSettings = {
				BUNDLE_LOADER = "$(TEST_HOST)";
				DEVELOPMENT_TEAM = SLUU2646N5;
				INFOPLIST_FILE = XYKitTests/Info.plist;
				LD_RUNPATH_SEARCH_PATHS = "$(inherited) @executable_path/Frameworks @loader_path/Frameworks";
				PRODUCT_BUNDLE_IDENTIFIER = xiaoyou.XYKitTests;
				PRODUCT_NAME = "$(TARGET_NAME)";
				TEST_HOST = "$(BUILT_PRODUCTS_DIR)/XYKit.app/XYKit";
			};
			name = Release;
		};
		B49E6EB41F63097800826DF9 /* Debug */ = {
			isa = XCBuildConfiguration;
			buildSettings = {
				DEVELOPMENT_TEAM = SLUU2646N5;
				INFOPLIST_FILE = XYKitUITests/Info.plist;
				LD_RUNPATH_SEARCH_PATHS = "$(inherited) @executable_path/Frameworks @loader_path/Frameworks";
				PRODUCT_BUNDLE_IDENTIFIER = xiaoyou.XYKitUITests;
				PRODUCT_NAME = "$(TARGET_NAME)";
				TEST_TARGET_NAME = XYKit;
			};
			name = Debug;
		};
		B49E6EB51F63097800826DF9 /* Release */ = {
			isa = XCBuildConfiguration;
			buildSettings = {
				DEVELOPMENT_TEAM = SLUU2646N5;
				INFOPLIST_FILE = XYKitUITests/Info.plist;
				LD_RUNPATH_SEARCH_PATHS = "$(inherited) @executable_path/Frameworks @loader_path/Frameworks";
				PRODUCT_BUNDLE_IDENTIFIER = xiaoyou.XYKitUITests;
				PRODUCT_NAME = "$(TARGET_NAME)";
				TEST_TARGET_NAME = XYKit;
			};
			name = Release;
		};
/* End XCBuildConfiguration section */

/* Begin XCConfigurationList section */
		B49E6E7B1F63097800826DF9 /* Build configuration list for PBXProject "XYKit" */ = {
			isa = XCConfigurationList;
			buildConfigurations = (
				B49E6EAB1F63097800826DF9 /* Debug */,
				B49E6EAC1F63097800826DF9 /* Release */,
			);
			defaultConfigurationIsVisible = 0;
			defaultConfigurationName = Release;
		};
		B49E6EAD1F63097800826DF9 /* Build configuration list for PBXNativeTarget "XYKit" */ = {
			isa = XCConfigurationList;
			buildConfigurations = (
				B49E6EAE1F63097800826DF9 /* Debug */,
				B49E6EAF1F63097800826DF9 /* Release */,
			);
			defaultConfigurationIsVisible = 0;
		};
		B49E6EB01F63097800826DF9 /* Build configuration list for PBXNativeTarget "XYKitTests" */ = {
			isa = XCConfigurationList;
			buildConfigurations = (
				B49E6EB11F63097800826DF9 /* Debug */,
				B49E6EB21F63097800826DF9 /* Release */,
			);
			defaultConfigurationIsVisible = 0;
		};
		B49E6EB31F63097800826DF9 /* Build configuration list for PBXNativeTarget "XYKitUITests" */ = {
			isa = XCConfigurationList;
			buildConfigurations = (
				B49E6EB41F63097800826DF9 /* Debug */,
				B49E6EB51F63097800826DF9 /* Release */,
			);
			defaultConfigurationIsVisible = 0;
		};
/* End XCConfigurationList section */
	};
	rootObject = B49E6E781F63097800826DF9 /* Project object */;
}
