// !$*UTF8*$!
{
	archiveVersion = 1;
	classes = {
	};
	objectVersion = 46;
	objects = {

/* Begin PBXBuildFile section */
		B49690171F62444300F7A17C /* main.m in Sources */ = {isa = PBXBuildFile; fileRef = B49690161F62444300F7A17C /* main.m */; };
		B496901A1F62444300F7A17C /* AppDelegate.m in Sources */ = {isa = PBXBuildFile; fileRef = B49690191F62444300F7A17C /* AppDelegate.m */; };
		B496901D1F62444300F7A17C /* ViewController.m in Sources */ = {isa = PBXBuildFile; fileRef = B496901C1F62444300F7A17C /* ViewController.m */; };
		B49690201F62444300F7A17C /* Main.storyboard in Resources */ = {isa = PBXBuildFile; fileRef = B496901E1F62444300F7A17C /* Main.storyboard */; };
		B49690221F62444300F7A17C /* Assets.xcassets in Resources */ = {isa = PBXBuildFile; fileRef = B49690211F62444300F7A17C /* Assets.xcassets */; };
		B49690251F62444300F7A17C /* LaunchScreen.storyboard in Resources */ = {isa = PBXBuildFile; fileRef = B49690231F62444300F7A17C /* LaunchScreen.storyboard */; };
		B49690301F62444300F7A17C /* BuDeJieTests.m in Sources */ = {isa = PBXBuildFile; fileRef = B496902F1F62444300F7A17C /* BuDeJieTests.m */; };
		B496903B1F62444300F7A17C /* BuDeJieUITests.m in Sources */ = {isa = PBXBuildFile; fileRef = B496903A1F62444300F7A17C /* BuDeJieUITests.m */; };
/* End PBXBuildFile section */

/* Begin PBXContainerItemProxy section */
		B496902C1F62444300F7A17C /* PBXContainerItemProxy */ = {
			isa = PBXContainerItemProxy;
			containerPortal = B496900A1F62444300F7A17C /* Project object */;
			proxyType = 1;
			remoteGlobalIDString = B49690111F62444300F7A17C;
			remoteInfo = BuDeJie;
		};
		B49690371F62444300F7A17C /* PBXContainerItemProxy */ = {
			isa = PBXContainerItemProxy;
			containerPortal = B496900A1F62444300F7A17C /* Project object */;
			proxyType = 1;
			remoteGlobalIDString = B49690111F62444300F7A17C;
			remoteInfo = BuDeJie;
		};
/* End PBXContainerItemProxy section */

/* Begin PBXFileReference section */
		B49690121F62444300F7A17C /* BuDeJie.app */ = {isa = PBXFileReference; explicitFileType = wrapper.application; includeInIndex = 0; path = BuDeJie.app; sourceTree = BUILT_PRODUCTS_DIR; };
		B49690161F62444300F7A17C /* main.m */ = {isa = PBXFileReference; lastKnownFileType = sourcecode.c.objc; path = main.m; sourceTree = "<group>"; };
		B49690181F62444300F7A17C /* AppDelegate.h */ = {isa = PBXFileReference; lastKnownFileType = sourcecode.c.h; path = AppDelegate.h; sourceTree = "<group>"; };
		B49690191F62444300F7A17C /* AppDelegate.m */ = {isa = PBXFileReference; lastKnownFileType = sourcecode.c.objc; path = AppDelegate.m; sourceTree = "<group>"; };
		B496901B1F62444300F7A17C /* ViewController.h */ = {isa = PBXFileReference; lastKnownFileType = sourcecode.c.h; path = ViewController.h; sourceTree = "<group>"; };
		B496901C1F62444300F7A17C /* ViewController.m */ = {isa = PBXFileReference; lastKnownFileType = sourcecode.c.objc; path = ViewController.m; sourceTree = "<group>"; };
		B496901F1F62444300F7A17C /* Base */ = {isa = PBXFileReference; lastKnownFileType = file.storyboard; name = Base; path = Base.lproj/Main.storyboard; sourceTree = "<group>"; };
		B49690211F62444300F7A17C /* Assets.xcassets */ = {isa = PBXFileReference; lastKnownFileType = folder.assetcatalog; path = Assets.xcassets; sourceTree = "<group>"; };
		B49690241F62444300F7A17C /* Base */ = {isa = PBXFileReference; lastKnownFileType = file.storyboard; name = Base; path = Base.lproj/LaunchScreen.storyboard; sourceTree = "<group>"; };
		B49690261F62444300F7A17C /* Info.plist */ = {isa = PBXFileReference; lastKnownFileType = text.plist.xml; path = Info.plist; sourceTree = "<group>"; };
		B496902B1F62444300F7A17C /* BuDeJieTests.xctest */ = {isa = PBXFileReference; explicitFileType = wrapper.cfbundle; includeInIndex = 0; path = BuDeJieTests.xctest; sourceTree = BUILT_PRODUCTS_DIR; };
		B496902F1F62444300F7A17C /* BuDeJieTests.m */ = {isa = PBXFileReference; lastKnownFileType = sourcecode.c.objc; path = BuDeJieTests.m; sourceTree = "<group>"; };
		B49690311F62444300F7A17C /* Info.plist */ = {isa = PBXFileReference; lastKnownFileType = text.plist.xml; path = Info.plist; sourceTree = "<group>"; };
		B49690361F62444300F7A17C /* BuDeJieUITests.xctest */ = {isa = PBXFileReference; explicitFileType = wrapper.cfbundle; includeInIndex = 0; path = BuDeJieUITests.xctest; sourceTree = BUILT_PRODUCTS_DIR; };
		B496903A1F62444300F7A17C /* BuDeJieUITests.m */ = {isa = PBXFileReference; lastKnownFileType = sourcecode.c.objc; path = BuDeJieUITests.m; sourceTree = "<group>"; };
		B496903C1F62444300F7A17C /* Info.plist */ = {isa = PBXFileReference; lastKnownFileType = text.plist.xml; path = Info.plist; sourceTree = "<group>"; };
/* End PBXFileReference section */

/* Begin PBXFrameworksBuildPhase section */
		B496900F1F62444300F7A17C /* Frameworks */ = {
			isa = PBXFrameworksBuildPhase;
			buildActionMask = 2147483647;
			files = (
			);
			runOnlyForDeploymentPostprocessing = 0;
		};
		B49690281F62444300F7A17C /* Frameworks */ = {
			isa = PBXFrameworksBuildPhase;
			buildActionMask = 2147483647;
			files = (
			);
			runOnlyForDeploymentPostprocessing = 0;
		};
		B49690331F62444300F7A17C /* Frameworks */ = {
			isa = PBXFrameworksBuildPhase;
			buildActionMask = 2147483647;
			files = (
			);
			runOnlyForDeploymentPostprocessing = 0;
		};
/* End PBXFrameworksBuildPhase section */

/* Begin PBXGroup section */
		B49690091F62444300F7A17C = {
			isa = PBXGroup;
			children = (
				B49690141F62444300F7A17C /* BuDeJie */,
				B496902E1F62444300F7A17C /* BuDeJieTests */,
				B49690391F62444300F7A17C /* BuDeJieUITests */,
				B49690131F62444300F7A17C /* Products */,
			);
			sourceTree = "<group>";
		};
		B49690131F62444300F7A17C /* Products */ = {
			isa = PBXGroup;
			children = (
				B49690121F62444300F7A17C /* BuDeJie.app */,
				B496902B1F62444300F7A17C /* BuDeJieTests.xctest */,
				B49690361F62444300F7A17C /* BuDeJieUITests.xctest */,
			);
			name = Products;
			sourceTree = "<group>";
		};
		B49690141F62444300F7A17C /* BuDeJie */ = {
			isa = PBXGroup;
			children = (
				B49690181F62444300F7A17C /* AppDelegate.h */,
				B49690191F62444300F7A17C /* AppDelegate.m */,
				B496901B1F62444300F7A17C /* ViewController.h */,
				B496901C1F62444300F7A17C /* ViewController.m */,
				B496901E1F62444300F7A17C /* Main.storyboard */,
				B49690211F62444300F7A17C /* Assets.xcassets */,
				B49690231F62444300F7A17C /* LaunchScreen.storyboard */,
				B49690261F62444300F7A17C /* Info.plist */,
				B49690151F62444300F7A17C /* Supporting Files */,
			);
			path = BuDeJie;
			sourceTree = "<group>";
		};
		B49690151F62444300F7A17C /* Supporting Files */ = {
			isa = PBXGroup;
			children = (
				B49690161F62444300F7A17C /* main.m */,
			);
			name = "Supporting Files";
			sourceTree = "<group>";
		};
		B496902E1F62444300F7A17C /* BuDeJieTests */ = {
			isa = PBXGroup;
			children = (
				B496902F1F62444300F7A17C /* BuDeJieTests.m */,
				B49690311F62444300F7A17C /* Info.plist */,
			);
			path = BuDeJieTests;
			sourceTree = "<group>";
		};
		B49690391F62444300F7A17C /* BuDeJieUITests */ = {
			isa = PBXGroup;
			children = (
				B496903A1F62444300F7A17C /* BuDeJieUITests.m */,
				B496903C1F62444300F7A17C /* Info.plist */,
			);
			path = BuDeJieUITests;
			sourceTree = "<group>";
		};
/* End PBXGroup section */

/* Begin PBXNativeTarget section */
		B49690111F62444300F7A17C /* BuDeJie */ = {
			isa = PBXNativeTarget;
			buildConfigurationList = B496903F1F62444300F7A17C /* Build configuration list for PBXNativeTarget "BuDeJie" */;
			buildPhases = (
				B496900E1F62444300F7A17C /* Sources */,
				B496900F1F62444300F7A17C /* Frameworks */,
				B49690101F62444300F7A17C /* Resources */,
			);
			buildRules = (
			);
			dependencies = (
			);
			name = BuDeJie;
			productName = BuDeJie;
			productReference = B49690121F62444300F7A17C /* BuDeJie.app */;
			productType = "com.apple.product-type.application";
		};
		B496902A1F62444300F7A17C /* BuDeJieTests */ = {
			isa = PBXNativeTarget;
			buildConfigurationList = B49690421F62444300F7A17C /* Build configuration list for PBXNativeTarget "BuDeJieTests" */;
			buildPhases = (
				B49690271F62444300F7A17C /* Sources */,
				B49690281F62444300F7A17C /* Frameworks */,
				B49690291F62444300F7A17C /* Resources */,
			);
			buildRules = (
			);
			dependencies = (
				B496902D1F62444300F7A17C /* PBXTargetDependency */,
			);
			name = BuDeJieTests;
			productName = BuDeJieTests;
			productReference = B496902B1F62444300F7A17C /* BuDeJieTests.xctest */;
			productType = "com.apple.product-type.bundle.unit-test";
		};
		B49690351F62444300F7A17C /* BuDeJieUITests */ = {
			isa = PBXNativeTarget;
			buildConfigurationList = B49690451F62444300F7A17C /* Build configuration list for PBXNativeTarget "BuDeJieUITests" */;
			buildPhases = (
				B49690321F62444300F7A17C /* Sources */,
				B49690331F62444300F7A17C /* Frameworks */,
				B49690341F62444300F7A17C /* Resources */,
			);
			buildRules = (
			);
			dependencies = (
				B49690381F62444300F7A17C /* PBXTargetDependency */,
			);
			name = BuDeJieUITests;
			productName = BuDeJieUITests;
			productReference = B49690361F62444300F7A17C /* BuDeJieUITests.xctest */;
			productType = "com.apple.product-type.bundle.ui-testing";
		};
/* End PBXNativeTarget section */

/* Begin PBXProject section */
		B496900A1F62444300F7A17C /* Project object */ = {
			isa = PBXProject;
			attributes = {
				CLASSPREFIX = XY;
				LastUpgradeCheck = 0830;
				ORGANIZATIONNAME = XiaoYou;
				TargetAttributes = {
					B49690111F62444300F7A17C = {
						CreatedOnToolsVersion = 8.3.3;
						DevelopmentTeam = SLUU2646N5;
						ProvisioningStyle = Automatic;
					};
					B496902A1F62444300F7A17C = {
						CreatedOnToolsVersion = 8.3.3;
						DevelopmentTeam = SLUU2646N5;
						ProvisioningStyle = Automatic;
						TestTargetID = B49690111F62444300F7A17C;
					};
					B49690351F62444300F7A17C = {
						CreatedOnToolsVersion = 8.3.3;
						DevelopmentTeam = SLUU2646N5;
						ProvisioningStyle = Automatic;
						TestTargetID = B49690111F62444300F7A17C;
					};
				};
			};
			buildConfigurationList = B496900D1F62444300F7A17C /* Build configuration list for PBXProject "BuDeJie" */;
			compatibilityVersion = "Xcode 3.2";
			developmentRegion = English;
			hasScannedForEncodings = 0;
			knownRegions = (
				en,
				Base,
			);
			mainGroup = B49690091F62444300F7A17C;
			productRefGroup = B49690131F62444300F7A17C /* Products */;
			projectDirPath = "";
			projectRoot = "";
			targets = (
				B49690111F62444300F7A17C /* BuDeJie */,
				B496902A1F62444300F7A17C /* BuDeJieTests */,
				B49690351F62444300F7A17C /* BuDeJieUITests */,
			);
		};
/* End PBXProject section */

/* Begin PBXResourcesBuildPhase section */
		B49690101F62444300F7A17C /* Resources */ = {
			isa = PBXResourcesBuildPhase;
			buildActionMask = 2147483647;
			files = (
				B49690251F62444300F7A17C /* LaunchScreen.storyboard in Resources */,
				B49690221F62444300F7A17C /* Assets.xcassets in Resources */,
				B49690201F62444300F7A17C /* Main.storyboard in Resources */,
			);
			runOnlyForDeploymentPostprocessing = 0;
		};
		B49690291F62444300F7A17C /* Resources */ = {
			isa = PBXResourcesBuildPhase;
			buildActionMask = 2147483647;
			files = (
			);
			runOnlyForDeploymentPostprocessing = 0;
		};
		B49690341F62444300F7A17C /* Resources */ = {
			isa = PBXResourcesBuildPhase;
			buildActionMask = 2147483647;
			files = (
			);
			runOnlyForDeploymentPostprocessing = 0;
		};
/* End PBXResourcesBuildPhase section */

/* Begin PBXSourcesBuildPhase section */
		B496900E1F62444300F7A17C /* Sources */ = {
			isa = PBXSourcesBuildPhase;
			buildActionMask = 2147483647;
			files = (
				B496901D1F62444300F7A17C /* ViewController.m in Sources */,
				B496901A1F62444300F7A17C /* AppDelegate.m in Sources */,
				B49690171F62444300F7A17C /* main.m in Sources */,
			);
			runOnlyForDeploymentPostprocessing = 0;
		};
		B49690271F62444300F7A17C /* Sources */ = {
			isa = PBXSourcesBuildPhase;
			buildActionMask = 2147483647;
			files = (
				B49690301F62444300F7A17C /* BuDeJieTests.m in Sources */,
			);
			runOnlyForDeploymentPostprocessing = 0;
		};
		B49690321F62444300F7A17C /* Sources */ = {
			isa = PBXSourcesBuildPhase;
			buildActionMask = 2147483647;
			files = (
				B496903B1F62444300F7A17C /* BuDeJieUITests.m in Sources */,
			);
			runOnlyForDeploymentPostprocessing = 0;
		};
/* End PBXSourcesBuildPhase section */

/* Begin PBXTargetDependency section */
		B496902D1F62444300F7A17C /* PBXTargetDependency */ = {
			isa = PBXTargetDependency;
			target = B49690111F62444300F7A17C /* BuDeJie */;
			targetProxy = B496902C1F62444300F7A17C /* PBXContainerItemProxy */;
		};
		B49690381F62444300F7A17C /* PBXTargetDependency */ = {
			isa = PBXTargetDependency;
			target = B49690111F62444300F7A17C /* BuDeJie */;
			targetProxy = B49690371F62444300F7A17C /* PBXContainerItemProxy */;
		};
/* End PBXTargetDependency section */

/* Begin PBXVariantGroup section */
		B496901E1F62444300F7A17C /* Main.storyboard */ = {
			isa = PBXVariantGroup;
			children = (
				B496901F1F62444300F7A17C /* Base */,
			);
			name = Main.storyboard;
			sourceTree = "<group>";
		};
		B49690231F62444300F7A17C /* LaunchScreen.storyboard */ = {
			isa = PBXVariantGroup;
			children = (
				B49690241F62444300F7A17C /* Base */,
			);
			name = LaunchScreen.storyboard;
			sourceTree = "<group>";
		};
/* End PBXVariantGroup section */

/* Begin XCBuildConfiguration section */
		B496903D1F62444300F7A17C /* Debug */ = {
			isa = XCBuildConfiguration;
			buildSettings = {
				ALWAYS_SEARCH_USER_PATHS = NO;
				CLANG_ANALYZER_NONNULL = YES;
				CLANG_ANALYZER_NUMBER_OBJECT_CONVERSION = YES_AGGRESSIVE;
				CLANG_CXX_LANGUAGE_STANDARD = "gnu++0x";
				CLANG_CXX_LIBRARY = "libc++";
				CLANG_ENABLE_MODULES = YES;
				CLANG_ENABLE_OBJC_ARC = YES;
				CLANG_WARN_BOOL_CONVERSION = YES;
				CLANG_WARN_CONSTANT_CONVERSION = YES;
				CLANG_WARN_DIRECT_OBJC_ISA_USAGE = YES_ERROR;
				CLANG_WARN_DOCUMENTATION_COMMENTS = YES;
				CLANG_WARN_EMPTY_BODY = YES;
				CLANG_WARN_ENUM_CONVERSION = YES;
				CLANG_WARN_INFINITE_RECURSION = YES;
				CLANG_WARN_INT_CONVERSION = YES;
				CLANG_WARN_OBJC_ROOT_CLASS = YES_ERROR;
				CLANG_WARN_SUSPICIOUS_MOVE = YES;
				CLANG_WARN_UNREACHABLE_CODE = YES;
				CLANG_WARN__DUPLICATE_METHOD_MATCH = YES;
				"CODE_SIGN_IDENTITY[sdk=iphoneos*]" = "iPhone Developer";
				COPY_PHASE_STRIP = NO;
				DEBUG_INFORMATION_FORMAT = dwarf;
				ENABLE_STRICT_OBJC_MSGSEND = YES;
				ENABLE_TESTABILITY = YES;
				GCC_C_LANGUAGE_STANDARD = gnu99;
				GCC_DYNAMIC_NO_PIC = NO;
				GCC_NO_COMMON_BLOCKS = YES;
				GCC_OPTIMIZATION_LEVEL = 0;
				GCC_PREPROCESSOR_DEFINITIONS = (
					"DEBUG=1",
					"$(inherited)",
				);
				GCC_WARN_64_TO_32_BIT_CONVERSION = YES;
				GCC_WARN_ABOUT_RETURN_TYPE = YES_ERROR;
				GCC_WARN_UNDECLARED_SELECTOR = YES;
				GCC_WARN_UNINITIALIZED_AUTOS = YES_AGGRESSIVE;
				GCC_WARN_UNUSED_FUNCTION = YES;
				GCC_WARN_UNUSED_VARIABLE = YES;
				IPHONEOS_DEPLOYMENT_TARGET = 10.3;
				MTL_ENABLE_DEBUG_INFO = YES;
				ONLY_ACTIVE_ARCH = YES;
				SDKROOT = iphoneos;
				TARGETED_DEVICE_FAMILY = "1,2";
			};
			name = Debug;
		};
		B496903E1F62444300F7A17C /* Release */ = {
			isa = XCBuildConfiguration;
			buildSettings = {
				ALWAYS_SEARCH_USER_PATHS = NO;
				CLANG_ANALYZER_NONNULL = YES;
				CLANG_ANALYZER_NUMBER_OBJECT_CONVERSION = YES_AGGRESSIVE;
				CLANG_CXX_LANGUAGE_STANDARD = "gnu++0x";
				CLANG_CXX_LIBRARY = "libc++";
				CLANG_ENABLE_MODULES = YES;
				CLANG_ENABLE_OBJC_ARC = YES;
				CLANG_WARN_BOOL_CONVERSION = YES;
				CLANG_WARN_CONSTANT_CONVERSION = YES;
				CLANG_WARN_DIRECT_OBJC_ISA_USAGE = YES_ERROR;
				CLANG_WARN_DOCUMENTATION_COMMENTS = YES;
				CLANG_WARN_EMPTY_BODY = YES;
				CLANG_WARN_ENUM_CONVERSION = YES;
				CLANG_WARN_INFINITE_RECURSION = YES;
				CLANG_WARN_INT_CONVERSION = YES;
				CLANG_WARN_OBJC_ROOT_CLASS = YES_ERROR;
				CLANG_WARN_SUSPICIOUS_MOVE = YES;
				CLANG_WARN_UNREACHABLE_CODE = YES;
				CLANG_WARN__DUPLICATE_METHOD_MATCH = YES;
				"CODE_SIGN_IDENTITY[sdk=iphoneos*]" = "iPhone Developer";
				COPY_PHASE_STRIP = NO;
				DEBUG_INFORMATION_FORMAT = "dwarf-with-dsym";
				ENABLE_NS_ASSERTIONS = NO;
				ENABLE_STRICT_OBJC_MSGSEND = YES;
				GCC_C_LANGUAGE_STANDARD = gnu99;
				GCC_NO_COMMON_BLOCKS = YES;
				GCC_WARN_64_TO_32_BIT_CONVERSION = YES;
				GCC_WARN_ABOUT_RETURN_TYPE = YES_ERROR;
				GCC_WARN_UNDECLARED_SELECTOR = YES;
				GCC_WARN_UNINITIALIZED_AUTOS = YES_AGGRESSIVE;
				GCC_WARN_UNUSED_FUNCTION = YES;
				GCC_WARN_UNUSED_VARIABLE = YES;
				IPHONEOS_DEPLOYMENT_TARGET = 10.3;
				MTL_ENABLE_DEBUG_INFO = NO;
				SDKROOT = iphoneos;
				TARGETED_DEVICE_FAMILY = "1,2";
				VALIDATE_PRODUCT = YES;
			};
			name = Release;
		};
		B49690401F62444300F7A17C /* Debug */ = {
			isa = XCBuildConfiguration;
			buildSettings = {
				ASSETCATALOG_COMPILER_APPICON_NAME = AppIcon;
				ASSETCATALOG_COMPILER_LAUNCHIMAGE_NAME = LaunchImage;
				"CODE_SIGN_IDENTITY[sdk=iphoneos*]" = "iPhone Developer";
				DEVELOPMENT_TEAM = SLUU2646N5;
				INFOPLIST_FILE = BuDeJie/Info.plist;
				IPHONEOS_DEPLOYMENT_TARGET = 8.0;
				LD_RUNPATH_SEARCH_PATHS = "$(inherited) @executable_path/Frameworks";
				PRODUCT_BUNDLE_IDENTIFIER = xiaoyou.BuDeJie;
				PRODUCT_NAME = "$(TARGET_NAME)";
				PROVISIONING_PROFILE_SPECIFIER = "";
				TARGETED_DEVICE_FAMILY = "1,2";
			};
			name = Debug;
		};
		B49690411F62444300F7A17C /* Release */ = {
			isa = XCBuildConfiguration;
			buildSettings = {
				ASSETCATALOG_COMPILER_APPICON_NAME = AppIcon;
				ASSETCATALOG_COMPILER_LAUNCHIMAGE_NAME = LaunchImage;
				"CODE_SIGN_IDENTITY[sdk=iphoneos*]" = "iPhone Developer";
				DEVELOPMENT_TEAM = SLUU2646N5;
				INFOPLIST_FILE = BuDeJie/Info.plist;
				IPHONEOS_DEPLOYMENT_TARGET = 8.0;
				LD_RUNPATH_SEARCH_PATHS = "$(inherited) @executable_path/Frameworks";
				PRODUCT_BUNDLE_IDENTIFIER = xiaoyou.BuDeJie;
				PRODUCT_NAME = "$(TARGET_NAME)";
				PROVISIONING_PROFILE_SPECIFIER = "";
				TARGETED_DEVICE_FAMILY = "1,2";
			};
			name = Release;
		};
		B49690431F62444300F7A17C /* Debug */ = {
			isa = XCBuildConfiguration;
			buildSettings = {
				BUNDLE_LOADER = "$(TEST_HOST)";
				DEVELOPMENT_TEAM = SLUU2646N5;
				INFOPLIST_FILE = BuDeJieTests/Info.plist;
				LD_RUNPATH_SEARCH_PATHS = "$(inherited) @executable_path/Frameworks @loader_path/Frameworks";
				PRODUCT_BUNDLE_IDENTIFIER = xiaoyou.BuDeJieTests;
				PRODUCT_NAME = "$(TARGET_NAME)";
				TEST_HOST = "$(BUILT_PRODUCTS_DIR)/BuDeJie.app/BuDeJie";
			};
			name = Debug;
		};
		B49690441F62444300F7A17C /* Release */ = {
			isa = XCBuildConfiguration;
			buildSettings = {
				BUNDLE_LOADER = "$(TEST_HOST)";
				DEVELOPMENT_TEAM = SLUU2646N5;
				INFOPLIST_FILE = BuDeJieTests/Info.plist;
				LD_RUNPATH_SEARCH_PATHS = "$(inherited) @executable_path/Frameworks @loader_path/Frameworks";
				PRODUCT_BUNDLE_IDENTIFIER = xiaoyou.BuDeJieTests;
				PRODUCT_NAME = "$(TARGET_NAME)";
				TEST_HOST = "$(BUILT_PRODUCTS_DIR)/BuDeJie.app/BuDeJie";
			};
			name = Release;
		};
		B49690461F62444300F7A17C /* Debug */ = {
			isa = XCBuildConfiguration;
			buildSettings = {
				DEVELOPMENT_TEAM = SLUU2646N5;
				INFOPLIST_FILE = BuDeJieUITests/Info.plist;
				LD_RUNPATH_SEARCH_PATHS = "$(inherited) @executable_path/Frameworks @loader_path/Frameworks";
				PRODUCT_BUNDLE_IDENTIFIER = xiaoyou.BuDeJieUITests;
				PRODUCT_NAME = "$(TARGET_NAME)";
				TEST_TARGET_NAME = BuDeJie;
			};
			name = Debug;
		};
		B49690471F62444300F7A17C /* Release */ = {
			isa = XCBuildConfiguration;
			buildSettings = {
				DEVELOPMENT_TEAM = SLUU2646N5;
				INFOPLIST_FILE = BuDeJieUITests/Info.plist;
				LD_RUNPATH_SEARCH_PATHS = "$(inherited) @executable_path/Frameworks @loader_path/Frameworks";
				PRODUCT_BUNDLE_IDENTIFIER = xiaoyou.BuDeJieUITests;
				PRODUCT_NAME = "$(TARGET_NAME)";
				TEST_TARGET_NAME = BuDeJie;
			};
			name = Release;
		};
/* End XCBuildConfiguration section */

/* Begin XCConfigurationList section */
		B496900D1F62444300F7A17C /* Build configuration list for PBXProject "BuDeJie" */ = {
			isa = XCConfigurationList;
			buildConfigurations = (
				B496903D1F62444300F7A17C /* Debug */,
				B496903E1F62444300F7A17C /* Release */,
			);
			defaultConfigurationIsVisible = 0;
			defaultConfigurationName = Release;
		};
		B496903F1F62444300F7A17C /* Build configuration list for PBXNativeTarget "BuDeJie" */ = {
			isa = XCConfigurationList;
			buildConfigurations = (
				B49690401F62444300F7A17C /* Debug */,
				B49690411F62444300F7A17C /* Release */,
			);
			defaultConfigurationIsVisible = 0;
			defaultConfigurationName = Release;
		};
		B49690421F62444300F7A17C /* Build configuration list for PBXNativeTarget "BuDeJieTests" */ = {
			isa = XCConfigurationList;
			buildConfigurations = (
				B49690431F62444300F7A17C /* Debug */,
				B49690441F62444300F7A17C /* Release */,
			);
			defaultConfigurationIsVisible = 0;
			defaultConfigurationName = Release;
		};
		B49690451F62444300F7A17C /* Build configuration list for PBXNativeTarget "BuDeJieUITests" */ = {
			isa = XCConfigurationList;
			buildConfigurations = (
				B49690461F62444300F7A17C /* Debug */,
				B49690471F62444300F7A17C /* Release */,
			);
			defaultConfigurationIsVisible = 0;
			defaultConfigurationName = Release;
		};
/* End XCConfigurationList section */
	};
	rootObject = B496900A1F62444300F7A17C /* Project object */;
}
