// !$*UTF8*$!
{
	archiveVersion = 1;
	classes = {
	};
	objectVersion = 46;
	objects = {

/* Begin PBXBuildFile section */
		B49690201F62444300F7A17C /* Main.storyboard in Resources */ = {isa = PBXBuildFile; fileRef = B496901E1F62444300F7A17C /* Main.storyboard */; };
		B49690221F62444300F7A17C /* Assets.xcassets in Resources */ = {isa = PBXBuildFile; fileRef = B49690211F62444300F7A17C /* Assets.xcassets */; };
		B49690251F62444300F7A17C /* LaunchScreen.storyboard in Resources */ = {isa = PBXBuildFile; fileRef = B49690231F62444300F7A17C /* LaunchScreen.storyboard */; };
		B49690301F62444300F7A17C /* BuDeJieTests.m in Sources */ = {isa = PBXBuildFile; fileRef = B496902F1F62444300F7A17C /* BuDeJieTests.m */; };
		B496903B1F62444300F7A17C /* BuDeJieUITests.m in Sources */ = {isa = PBXBuildFile; fileRef = B496903A1F62444300F7A17C /* BuDeJieUITests.m */; };
		B49690671F6292AA00F7A17C /* AppDelegate.m in Sources */ = {isa = PBXBuildFile; fileRef = B496905D1F6292AA00F7A17C /* AppDelegate.m */; };
		B49690681F6292AA00F7A17C /* main.m in Sources */ = {isa = PBXBuildFile; fileRef = B496905E1F6292AA00F7A17C /* main.m */; };
		B496906B1F62935400F7A17C /* XYEssenceViewController.m in Sources */ = {isa = PBXBuildFile; fileRef = B496906A1F62935400F7A17C /* XYEssenceViewController.m */; };
		B496906E1F629F0B00F7A17C /* XYFriendTrendViewController.m in Sources */ = {isa = PBXBuildFile; fileRef = B496906D1F629F0B00F7A17C /* XYFriendTrendViewController.m */; };
		B49690711F629F2B00F7A17C /* XYNewViewController.m in Sources */ = {isa = PBXBuildFile; fileRef = B49690701F629F2B00F7A17C /* XYNewViewController.m */; };
		B49690741F629F9C00F7A17C /* XYPublishViewController.m in Sources */ = {isa = PBXBuildFile; fileRef = B49690731F629F9C00F7A17C /* XYPublishViewController.m */; };
		B49690771F629FE400F7A17C /* XYProfileViewController.m in Sources */ = {isa = PBXBuildFile; fileRef = B49690761F629FE400F7A17C /* XYProfileViewController.m */; };
		B496907E1F62A04900F7A17C /* XYTabbarController.m in Sources */ = {isa = PBXBuildFile; fileRef = B496907D1F62A04900F7A17C /* XYTabbarController.m */; };
		B49E6EC31F630D2D00826DF9 /* UIImage+XYAdd.m in Sources */ = {isa = PBXBuildFile; fileRef = B49E6EC21F630D2D00826DF9 /* UIImage+XYAdd.m */; };
		B4BFC4771F66F69400439EDD /* UIView+XYAdd.m in Sources */ = {isa = PBXBuildFile; fileRef = B4BFC4761F66F69400439EDD /* UIView+XYAdd.m */; };
		B4BFC47B1F6700A100439EDD /* UIBarButtonItem+XYAdd.m in Sources */ = {isa = PBXBuildFile; fileRef = B4BFC47A1F6700A100439EDD /* UIBarButtonItem+XYAdd.m */; };
		B4BFC47E1F67041300439EDD /* XYNavigationController.m in Sources */ = {isa = PBXBuildFile; fileRef = B4BFC47D1F67041300439EDD /* XYNavigationController.m */; };
		B4BFC4851F67105A00439EDD /* XYSettingsViewController.m in Sources */ = {isa = PBXBuildFile; fileRef = B4BFC4841F67105A00439EDD /* XYSettingsViewController.m */; };
		B4BFC48D1F67D70F00439EDD /* XYADViewController.m in Sources */ = {isa = PBXBuildFile; fileRef = B4BFC48B1F67D70F00439EDD /* XYADViewController.m */; };
		B4BFC48E1F67D70F00439EDD /* XYADViewController.xib in Resources */ = {isa = PBXBuildFile; fileRef = B4BFC48C1F67D70F00439EDD /* XYADViewController.xib */; };
		B4BFC4981F67D8ED00439EDD /* LaunchImage-568h@2x.png in Resources */ = {isa = PBXBuildFile; fileRef = B4BFC4911F67D8ED00439EDD /* LaunchImage-568h@2x.png */; };
		B4BFC4991F67D8ED00439EDD /* LaunchImage-700-568h@2x.png in Resources */ = {isa = PBXBuildFile; fileRef = B4BFC4921F67D8ED00439EDD /* LaunchImage-700-568h@2x.png */; };
		B4BFC49A1F67D8ED00439EDD /* LaunchImage-700@2x.png in Resources */ = {isa = PBXBuildFile; fileRef = B4BFC4931F67D8ED00439EDD /* LaunchImage-700@2x.png */; };
		B4BFC49B1F67D8ED00439EDD /* LaunchImage-800-667h@2x.png in Resources */ = {isa = PBXBuildFile; fileRef = B4BFC4941F67D8ED00439EDD /* LaunchImage-800-667h@2x.png */; };
		B4BFC49C1F67D8ED00439EDD /* LaunchImage-800-Portrait-736h@3x.png in Resources */ = {isa = PBXBuildFile; fileRef = B4BFC4951F67D8ED00439EDD /* LaunchImage-800-Portrait-736h@3x.png */; };
		B4BFC49D1F67D8ED00439EDD /* LaunchImage.png in Resources */ = {isa = PBXBuildFile; fileRef = B4BFC4961F67D8ED00439EDD /* LaunchImage.png */; };
		B4BFC49E1F67D8ED00439EDD /* LaunchImage@2x.png in Resources */ = {isa = PBXBuildFile; fileRef = B4BFC4971F67D8ED00439EDD /* LaunchImage@2x.png */; };
		B4D4952E1F6688DF00A5EE5E /* XYTabBar.m in Sources */ = {isa = PBXBuildFile; fileRef = B4D4952D1F6688DF00A5EE5E /* XYTabBar.m */; };
/* End PBXBuildFile section */

/* Begin PBXContainerItemProxy section */
		B496902C1F62444300F7A17C /* PBXContainerItemProxy */ = {
			isa = PBXContainerItemProxy;
			containerPortal = B496900A1F62444300F7A17C /* Project object */;
			proxyType = 1;
			remoteGlobalIDString = B49690111F62444300F7A17C;
			remoteInfo = BuDeJie;
		};
		B49690371F62444300F7A17C /* PBXContainerItemProxy */ = {
			isa = PBXContainerItemProxy;
			containerPortal = B496900A1F62444300F7A17C /* Project object */;
			proxyType = 1;
			remoteGlobalIDString = B49690111F62444300F7A17C;
			remoteInfo = BuDeJie;
		};
/* End PBXContainerItemProxy section */

/* Begin PBXFileReference section */
		B49690121F62444300F7A17C /* BuDeJie.app */ = {isa = PBXFileReference; explicitFileType = wrapper.application; includeInIndex = 0; path = BuDeJie.app; sourceTree = BUILT_PRODUCTS_DIR; };
		B496901F1F62444300F7A17C /* Base */ = {isa = PBXFileReference; lastKnownFileType = file.storyboard; name = Base; path = Base.lproj/Main.storyboard; sourceTree = "<group>"; };
		B49690211F62444300F7A17C /* Assets.xcassets */ = {isa = PBXFileReference; lastKnownFileType = folder.assetcatalog; path = Assets.xcassets; sourceTree = "<group>"; };
		B49690241F62444300F7A17C /* Base */ = {isa = PBXFileReference; lastKnownFileType = file.storyboard; name = Base; path = Base.lproj/LaunchScreen.storyboard; sourceTree = "<group>"; };
		B49690261F62444300F7A17C /* Info.plist */ = {isa = PBXFileReference; lastKnownFileType = text.plist.xml; path = Info.plist; sourceTree = "<group>"; };
		B496902B1F62444300F7A17C /* BuDeJieTests.xctest */ = {isa = PBXFileReference; explicitFileType = wrapper.cfbundle; includeInIndex = 0; path = BuDeJieTests.xctest; sourceTree = BUILT_PRODUCTS_DIR; };
		B496902F1F62444300F7A17C /* BuDeJieTests.m */ = {isa = PBXFileReference; lastKnownFileType = sourcecode.c.objc; path = BuDeJieTests.m; sourceTree = "<group>"; };
		B49690311F62444300F7A17C /* Info.plist */ = {isa = PBXFileReference; lastKnownFileType = text.plist.xml; path = Info.plist; sourceTree = "<group>"; };
		B49690361F62444300F7A17C /* BuDeJieUITests.xctest */ = {isa = PBXFileReference; explicitFileType = wrapper.cfbundle; includeInIndex = 0; path = BuDeJieUITests.xctest; sourceTree = BUILT_PRODUCTS_DIR; };
		B496903A1F62444300F7A17C /* BuDeJieUITests.m */ = {isa = PBXFileReference; lastKnownFileType = sourcecode.c.objc; path = BuDeJieUITests.m; sourceTree = "<group>"; };
		B496903C1F62444300F7A17C /* Info.plist */ = {isa = PBXFileReference; lastKnownFileType = text.plist.xml; path = Info.plist; sourceTree = "<group>"; };
		B496905C1F6292AA00F7A17C /* AppDelegate.h */ = {isa = PBXFileReference; fileEncoding = 4; lastKnownFileType = sourcecode.c.h; name = AppDelegate.h; path = Classes/Other/AppDelegate.h; sourceTree = "<group>"; };
		B496905D1F6292AA00F7A17C /* AppDelegate.m */ = {isa = PBXFileReference; fileEncoding = 4; lastKnownFileType = sourcecode.c.objc; name = AppDelegate.m; path = Classes/Other/AppDelegate.m; sourceTree = "<group>"; };
		B496905E1F6292AA00F7A17C /* main.m */ = {isa = PBXFileReference; fileEncoding = 4; lastKnownFileType = sourcecode.c.objc; name = main.m; path = Classes/Other/main.m; sourceTree = "<group>"; };
		B49690691F62935400F7A17C /* XYEssenceViewController.h */ = {isa = PBXFileReference; fileEncoding = 4; lastKnownFileType = sourcecode.c.h; path = XYEssenceViewController.h; sourceTree = "<group>"; };
		B496906A1F62935400F7A17C /* XYEssenceViewController.m */ = {isa = PBXFileReference; fileEncoding = 4; lastKnownFileType = sourcecode.c.objc; path = XYEssenceViewController.m; sourceTree = "<group>"; };
		B496906C1F629F0B00F7A17C /* XYFriendTrendViewController.h */ = {isa = PBXFileReference; fileEncoding = 4; lastKnownFileType = sourcecode.c.h; path = XYFriendTrendViewController.h; sourceTree = "<group>"; };
		B496906D1F629F0B00F7A17C /* XYFriendTrendViewController.m */ = {isa = PBXFileReference; fileEncoding = 4; lastKnownFileType = sourcecode.c.objc; path = XYFriendTrendViewController.m; sourceTree = "<group>"; };
		B496906F1F629F2B00F7A17C /* XYNewViewController.h */ = {isa = PBXFileReference; fileEncoding = 4; lastKnownFileType = sourcecode.c.h; path = XYNewViewController.h; sourceTree = "<group>"; };
		B49690701F629F2B00F7A17C /* XYNewViewController.m */ = {isa = PBXFileReference; fileEncoding = 4; lastKnownFileType = sourcecode.c.objc; path = XYNewViewController.m; sourceTree = "<group>"; };
		B49690721F629F9C00F7A17C /* XYPublishViewController.h */ = {isa = PBXFileReference; fileEncoding = 4; lastKnownFileType = sourcecode.c.h; path = XYPublishViewController.h; sourceTree = "<group>"; };
		B49690731F629F9C00F7A17C /* XYPublishViewController.m */ = {isa = PBXFileReference; fileEncoding = 4; lastKnownFileType = sourcecode.c.objc; path = XYPublishViewController.m; sourceTree = "<group>"; };
		B49690751F629FE400F7A17C /* XYProfileViewController.h */ = {isa = PBXFileReference; fileEncoding = 4; lastKnownFileType = sourcecode.c.h; path = XYProfileViewController.h; sourceTree = "<group>"; };
		B49690761F629FE400F7A17C /* XYProfileViewController.m */ = {isa = PBXFileReference; fileEncoding = 4; lastKnownFileType = sourcecode.c.objc; path = XYProfileViewController.m; sourceTree = "<group>"; };
		B496907C1F62A04900F7A17C /* XYTabbarController.h */ = {isa = PBXFileReference; fileEncoding = 4; lastKnownFileType = sourcecode.c.h; path = XYTabbarController.h; sourceTree = "<group>"; };
		B496907D1F62A04900F7A17C /* XYTabbarController.m */ = {isa = PBXFileReference; fileEncoding = 4; lastKnownFileType = sourcecode.c.objc; path = XYTabbarController.m; sourceTree = "<group>"; };
		B49E6EBD1F630C0C00826DF9 /* XYKit.h */ = {isa = PBXFileReference; lastKnownFileType = sourcecode.c.h; path = XYKit.h; sourceTree = "<group>"; };
		B49E6EC11F630D2D00826DF9 /* UIImage+XYAdd.h */ = {isa = PBXFileReference; fileEncoding = 4; lastKnownFileType = sourcecode.c.h; path = "UIImage+XYAdd.h"; sourceTree = "<group>"; };
		B49E6EC21F630D2D00826DF9 /* UIImage+XYAdd.m */ = {isa = PBXFileReference; fileEncoding = 4; lastKnownFileType = sourcecode.c.objc; path = "UIImage+XYAdd.m"; sourceTree = "<group>"; };
		B49E6EC41F630D7000826DF9 /* XYKitMacro.h */ = {isa = PBXFileReference; fileEncoding = 4; lastKnownFileType = sourcecode.c.h; path = XYKitMacro.h; sourceTree = "<group>"; };
		B4BFC4751F66F69400439EDD /* UIView+XYAdd.h */ = {isa = PBXFileReference; fileEncoding = 4; lastKnownFileType = sourcecode.c.h; path = "UIView+XYAdd.h"; sourceTree = "<group>"; };
		B4BFC4761F66F69400439EDD /* UIView+XYAdd.m */ = {isa = PBXFileReference; fileEncoding = 4; lastKnownFileType = sourcecode.c.objc; path = "UIView+XYAdd.m"; sourceTree = "<group>"; };
		B4BFC4781F66FA9100439EDD /* BuDeJie.pch */ = {isa = PBXFileReference; lastKnownFileType = sourcecode.c.h; path = BuDeJie.pch; sourceTree = "<group>"; };
		B4BFC4791F6700A100439EDD /* UIBarButtonItem+XYAdd.h */ = {isa = PBXFileReference; fileEncoding = 4; lastKnownFileType = sourcecode.c.h; path = "UIBarButtonItem+XYAdd.h"; sourceTree = "<group>"; };
		B4BFC47A1F6700A100439EDD /* UIBarButtonItem+XYAdd.m */ = {isa = PBXFileReference; fileEncoding = 4; lastKnownFileType = sourcecode.c.objc; path = "UIBarButtonItem+XYAdd.m"; sourceTree = "<group>"; };
		B4BFC47C1F67041300439EDD /* XYNavigationController.h */ = {isa = PBXFileReference; fileEncoding = 4; lastKnownFileType = sourcecode.c.h; path = XYNavigationController.h; sourceTree = "<group>"; };
		B4BFC47D1F67041300439EDD /* XYNavigationController.m */ = {isa = PBXFileReference; fileEncoding = 4; lastKnownFileType = sourcecode.c.objc; path = XYNavigationController.m; sourceTree = "<group>"; };
		B4BFC4831F67105A00439EDD /* XYSettingsViewController.h */ = {isa = PBXFileReference; fileEncoding = 4; lastKnownFileType = sourcecode.c.h; path = XYSettingsViewController.h; sourceTree = "<group>"; };
		B4BFC4841F67105A00439EDD /* XYSettingsViewController.m */ = {isa = PBXFileReference; fileEncoding = 4; lastKnownFileType = sourcecode.c.objc; path = XYSettingsViewController.m; sourceTree = "<group>"; };
		B4BFC48A1F67D70F00439EDD /* XYADViewController.h */ = {isa = PBXFileReference; fileEncoding = 4; lastKnownFileType = sourcecode.c.h; path = XYADViewController.h; sourceTree = "<group>"; };
		B4BFC48B1F67D70F00439EDD /* XYADViewController.m */ = {isa = PBXFileReference; fileEncoding = 4; lastKnownFileType = sourcecode.c.objc; path = XYADViewController.m; sourceTree = "<group>"; };
		B4BFC48C1F67D70F00439EDD /* XYADViewController.xib */ = {isa = PBXFileReference; fileEncoding = 4; lastKnownFileType = file.xib; path = XYADViewController.xib; sourceTree = "<group>"; };
		B4BFC4911F67D8ED00439EDD /* LaunchImage-568h@2x.png */ = {isa = PBXFileReference; lastKnownFileType = image.png; path = "LaunchImage-568h@2x.png"; sourceTree = "<group>"; };
		B4BFC4921F67D8ED00439EDD /* LaunchImage-700-568h@2x.png */ = {isa = PBXFileReference; lastKnownFileType = image.png; path = "LaunchImage-700-568h@2x.png"; sourceTree = "<group>"; };
		B4BFC4931F67D8ED00439EDD /* LaunchImage-700@2x.png */ = {isa = PBXFileReference; lastKnownFileType = image.png; path = "LaunchImage-700@2x.png"; sourceTree = "<group>"; };
		B4BFC4941F67D8ED00439EDD /* LaunchImage-800-667h@2x.png */ = {isa = PBXFileReference; lastKnownFileType = image.png; path = "LaunchImage-800-667h@2x.png"; sourceTree = "<group>"; };
		B4BFC4951F67D8ED00439EDD /* LaunchImage-800-Portrait-736h@3x.png */ = {isa = PBXFileReference; lastKnownFileType = image.png; path = "LaunchImage-800-Portrait-736h@3x.png"; sourceTree = "<group>"; };
		B4BFC4961F67D8ED00439EDD /* LaunchImage.png */ = {isa = PBXFileReference; lastKnownFileType = image.png; path = LaunchImage.png; sourceTree = "<group>"; };
		B4BFC4971F67D8ED00439EDD /* LaunchImage@2x.png */ = {isa = PBXFileReference; lastKnownFileType = image.png; path = "LaunchImage@2x.png"; sourceTree = "<group>"; };
		B4D4952C1F6688DF00A5EE5E /* XYTabBar.h */ = {isa = PBXFileReference; fileEncoding = 4; lastKnownFileType = sourcecode.c.h; path = XYTabBar.h; sourceTree = "<group>"; };
		B4D4952D1F6688DF00A5EE5E /* XYTabBar.m */ = {isa = PBXFileReference; fileEncoding = 4; lastKnownFileType = sourcecode.c.objc; path = XYTabBar.m; sourceTree = "<group>"; };
/* End PBXFileReference section */

/* Begin PBXFrameworksBuildPhase section */
		B496900F1F62444300F7A17C /* Frameworks */ = {
			isa = PBXFrameworksBuildPhase;
			buildActionMask = 2147483647;
			files = (
			);
			runOnlyForDeploymentPostprocessing = 0;
		};
		B49690281F62444300F7A17C /* Frameworks */ = {
			isa = PBXFrameworksBuildPhase;
			buildActionMask = 2147483647;
			files = (
			);
			runOnlyForDeploymentPostprocessing = 0;
		};
		B49690331F62444300F7A17C /* Frameworks */ = {
			isa = PBXFrameworksBuildPhase;
			buildActionMask = 2147483647;
			files = (
			);
			runOnlyForDeploymentPostprocessing = 0;
		};
/* End PBXFrameworksBuildPhase section */

/* Begin PBXGroup section */
		B49690091F62444300F7A17C = {
			isa = PBXGroup;
			children = (
				B49690141F62444300F7A17C /* BuDeJie */,
				B496902E1F62444300F7A17C /* BuDeJieTests */,
				B49690391F62444300F7A17C /* BuDeJieUITests */,
				B49690131F62444300F7A17C /* Products */,
			);
			sourceTree = "<group>";
		};
		B49690131F62444300F7A17C /* Products */ = {
			isa = PBXGroup;
			children = (
				B49690121F62444300F7A17C /* BuDeJie.app */,
				B496902B1F62444300F7A17C /* BuDeJieTests.xctest */,
				B49690361F62444300F7A17C /* BuDeJieUITests.xctest */,
			);
			name = Products;
			sourceTree = "<group>";
		};
		B49690141F62444300F7A17C /* BuDeJie */ = {
			isa = PBXGroup;
			children = (
				B496904A1F6292AA00F7A17C /* Classes */,
				B49690151F62444300F7A17C /* Supporting Files */,
			);
			path = BuDeJie;
			sourceTree = "<group>";
		};
		B49690151F62444300F7A17C /* Supporting Files */ = {
			isa = PBXGroup;
			children = (
				B496905C1F6292AA00F7A17C /* AppDelegate.h */,
				B496905D1F6292AA00F7A17C /* AppDelegate.m */,
				B496905E1F6292AA00F7A17C /* main.m */,
				B496901E1F62444300F7A17C /* Main.storyboard */,
				B49690211F62444300F7A17C /* Assets.xcassets */,
				B49690231F62444300F7A17C /* LaunchScreen.storyboard */,
				B49690261F62444300F7A17C /* Info.plist */,
				B4BFC4781F66FA9100439EDD /* BuDeJie.pch */,
			);
			name = "Supporting Files";
			sourceTree = "<group>";
		};
		B496902E1F62444300F7A17C /* BuDeJieTests */ = {
			isa = PBXGroup;
			children = (
				B496902F1F62444300F7A17C /* BuDeJieTests.m */,
				B49690311F62444300F7A17C /* Info.plist */,
			);
			path = BuDeJieTests;
			sourceTree = "<group>";
		};
		B49690391F62444300F7A17C /* BuDeJieUITests */ = {
			isa = PBXGroup;
			children = (
				B496903A1F62444300F7A17C /* BuDeJieUITests.m */,
				B496903C1F62444300F7A17C /* Info.plist */,
			);
			path = BuDeJieUITests;
			sourceTree = "<group>";
		};
		B496904A1F6292AA00F7A17C /* Classes */ = {
			isa = PBXGroup;
			children = (
				B4BFC48F1F67D8CA00439EDD /* Images */,
				B4BFC4861F67D6FB00439EDD /* AD */,
				B49690781F62A03400F7A17C /* Main */,
				B496904B1F6292AA00F7A17C /* Essence */,
				B496904F1F6292AA00F7A17C /* FriendTrend */,
				B49690631F6292AA00F7A17C /* Publish */,
				B49690571F6292AA00F7A17C /* New */,
				B496905F1F6292AA00F7A17C /* Profile */,
				B4BFC47F1F67103800439EDD /* Settings */,
				B496905B1F6292AA00F7A17C /* Other */,
			);
			path = Classes;
			sourceTree = "<group>";
		};
		B496904B1F6292AA00F7A17C /* Essence */ = {
			isa = PBXGroup;
			children = (
				B496904C1F6292AA00F7A17C /* Controller */,
				B496904D1F6292AA00F7A17C /* Model */,
				B496904E1F6292AA00F7A17C /* View */,
			);
			path = Essence;
			sourceTree = "<group>";
		};
		B496904C1F6292AA00F7A17C /* Controller */ = {
			isa = PBXGroup;
			children = (
				B49690691F62935400F7A17C /* XYEssenceViewController.h */,
				B496906A1F62935400F7A17C /* XYEssenceViewController.m */,
			);
			path = Controller;
			sourceTree = "<group>";
		};
		B496904D1F6292AA00F7A17C /* Model */ = {
			isa = PBXGroup;
			children = (
			);
			path = Model;
			sourceTree = "<group>";
		};
		B496904E1F6292AA00F7A17C /* View */ = {
			isa = PBXGroup;
			children = (
			);
			path = View;
			sourceTree = "<group>";
		};
		B496904F1F6292AA00F7A17C /* FriendTrend */ = {
			isa = PBXGroup;
			children = (
				B49690501F6292AA00F7A17C /* Controller */,
				B49690551F6292AA00F7A17C /* Model */,
				B49690561F6292AA00F7A17C /* View */,
			);
			path = FriendTrend;
			sourceTree = "<group>";
		};
		B49690501F6292AA00F7A17C /* Controller */ = {
			isa = PBXGroup;
			children = (
				B496906C1F629F0B00F7A17C /* XYFriendTrendViewController.h */,
				B496906D1F629F0B00F7A17C /* XYFriendTrendViewController.m */,
			);
			path = Controller;
			sourceTree = "<group>";
		};
		B49690551F6292AA00F7A17C /* Model */ = {
			isa = PBXGroup;
			children = (
			);
			path = Model;
			sourceTree = "<group>";
		};
		B49690561F6292AA00F7A17C /* View */ = {
			isa = PBXGroup;
			children = (
			);
			path = View;
			sourceTree = "<group>";
		};
		B49690571F6292AA00F7A17C /* New */ = {
			isa = PBXGroup;
			children = (
				B49690581F6292AA00F7A17C /* Controller */,
				B49690591F6292AA00F7A17C /* Model */,
				B496905A1F6292AA00F7A17C /* View */,
			);
			path = New;
			sourceTree = "<group>";
		};
		B49690581F6292AA00F7A17C /* Controller */ = {
			isa = PBXGroup;
			children = (
				B496906F1F629F2B00F7A17C /* XYNewViewController.h */,
				B49690701F629F2B00F7A17C /* XYNewViewController.m */,
			);
			path = Controller;
			sourceTree = "<group>";
		};
		B49690591F6292AA00F7A17C /* Model */ = {
			isa = PBXGroup;
			children = (
			);
			path = Model;
			sourceTree = "<group>";
		};
		B496905A1F6292AA00F7A17C /* View */ = {
			isa = PBXGroup;
			children = (
			);
			path = View;
			sourceTree = "<group>";
		};
		B496905B1F6292AA00F7A17C /* Other */ = {
			isa = PBXGroup;
			children = (
				B49E6EB61F630A0900826DF9 /* Vender */,
			);
			path = Other;
			sourceTree = "<group>";
		};
		B496905F1F6292AA00F7A17C /* Profile */ = {
			isa = PBXGroup;
			children = (
				B49690601F6292AA00F7A17C /* Controller */,
				B49690611F6292AA00F7A17C /* Model */,
				B49690621F6292AA00F7A17C /* View */,
			);
			path = Profile;
			sourceTree = "<group>";
		};
		B49690601F6292AA00F7A17C /* Controller */ = {
			isa = PBXGroup;
			children = (
				B49690751F629FE400F7A17C /* XYProfileViewController.h */,
				B49690761F629FE400F7A17C /* XYProfileViewController.m */,
			);
			path = Controller;
			sourceTree = "<group>";
		};
		B49690611F6292AA00F7A17C /* Model */ = {
			isa = PBXGroup;
			children = (
			);
			path = Model;
			sourceTree = "<group>";
		};
		B49690621F6292AA00F7A17C /* View */ = {
			isa = PBXGroup;
			children = (
			);
			path = View;
			sourceTree = "<group>";
		};
		B49690631F6292AA00F7A17C /* Publish */ = {
			isa = PBXGroup;
			children = (
				B49690641F6292AA00F7A17C /* Controller */,
				B49690651F6292AA00F7A17C /* Model */,
				B49690661F6292AA00F7A17C /* View */,
			);
			path = Publish;
			sourceTree = "<group>";
		};
		B49690641F6292AA00F7A17C /* Controller */ = {
			isa = PBXGroup;
			children = (
				B49690721F629F9C00F7A17C /* XYPublishViewController.h */,
				B49690731F629F9C00F7A17C /* XYPublishViewController.m */,
			);
			path = Controller;
			sourceTree = "<group>";
		};
		B49690651F6292AA00F7A17C /* Model */ = {
			isa = PBXGroup;
			children = (
			);
			path = Model;
			sourceTree = "<group>";
		};
		B49690661F6292AA00F7A17C /* View */ = {
			isa = PBXGroup;
			children = (
			);
			path = View;
			sourceTree = "<group>";
		};
		B49690781F62A03400F7A17C /* Main */ = {
			isa = PBXGroup;
			children = (
				B49690791F62A03400F7A17C /* Controller */,
				B496907A1F62A03400F7A17C /* Model */,
				B496907B1F62A03400F7A17C /* View */,
			);
			path = Main;
			sourceTree = "<group>";
		};
		B49690791F62A03400F7A17C /* Controller */ = {
			isa = PBXGroup;
			children = (
				B496907C1F62A04900F7A17C /* XYTabbarController.h */,
				B496907D1F62A04900F7A17C /* XYTabbarController.m */,
				B4BFC47C1F67041300439EDD /* XYNavigationController.h */,
				B4BFC47D1F67041300439EDD /* XYNavigationController.m */,
			);
			path = Controller;
			sourceTree = "<group>";
		};
		B496907A1F62A03400F7A17C /* Model */ = {
			isa = PBXGroup;
			children = (
			);
			path = Model;
			sourceTree = "<group>";
		};
		B496907B1F62A03400F7A17C /* View */ = {
			isa = PBXGroup;
			children = (
				B4D4952C1F6688DF00A5EE5E /* XYTabBar.h */,
				B4D4952D1F6688DF00A5EE5E /* XYTabBar.m */,
			);
			path = View;
			sourceTree = "<group>";
		};
		B49E6EB61F630A0900826DF9 /* Vender */ = {
			isa = PBXGroup;
			children = (
				B49E6EB71F630A0900826DF9 /* XYKit */,
			);
			path = Vender;
			sourceTree = "<group>";
		};
		B49E6EB71F630A0900826DF9 /* XYKit */ = {
			isa = PBXGroup;
			children = (
				B49E6EBD1F630C0C00826DF9 /* XYKit.h */,
				B49E6EBE1F630D2D00826DF9 /* Base */,
				B49E6EBF1F630D2D00826DF9 /* Foundation */,
				B49E6EC01F630D2D00826DF9 /* UIKit */,
			);
			path = XYKit;
			sourceTree = "<group>";
		};
		B49E6EBE1F630D2D00826DF9 /* Base */ = {
			isa = PBXGroup;
			children = (
				B49E6EC41F630D7000826DF9 /* XYKitMacro.h */,
			);
			path = Base;
			sourceTree = "<group>";
		};
		B49E6EBF1F630D2D00826DF9 /* Foundation */ = {
			isa = PBXGroup;
			children = (
			);
			path = Foundation;
			sourceTree = "<group>";
		};
		B49E6EC01F630D2D00826DF9 /* UIKit */ = {
			isa = PBXGroup;
			children = (
				B49E6EC11F630D2D00826DF9 /* UIImage+XYAdd.h */,
				B49E6EC21F630D2D00826DF9 /* UIImage+XYAdd.m */,
				B4BFC4751F66F69400439EDD /* UIView+XYAdd.h */,
				B4BFC4761F66F69400439EDD /* UIView+XYAdd.m */,
				B4BFC4791F6700A100439EDD /* UIBarButtonItem+XYAdd.h */,
				B4BFC47A1F6700A100439EDD /* UIBarButtonItem+XYAdd.m */,
			);
			path = UIKit;
			sourceTree = "<group>";
		};
		B4BFC47F1F67103800439EDD /* Settings */ = {
			isa = PBXGroup;
			children = (
				B4BFC4801F67103800439EDD /* Controller */,
				B4BFC4811F67103800439EDD /* Model */,
				B4BFC4821F67103800439EDD /* View */,
			);
			path = Settings;
			sourceTree = "<group>";
		};
		B4BFC4801F67103800439EDD /* Controller */ = {
			isa = PBXGroup;
			children = (
				B4BFC4831F67105A00439EDD /* XYSettingsViewController.h */,
				B4BFC4841F67105A00439EDD /* XYSettingsViewController.m */,
			);
			path = Controller;
			sourceTree = "<group>";
		};
		B4BFC4811F67103800439EDD /* Model */ = {
			isa = PBXGroup;
			children = (
			);
			path = Model;
			sourceTree = "<group>";
		};
		B4BFC4821F67103800439EDD /* View */ = {
			isa = PBXGroup;
			children = (
			);
			path = View;
			sourceTree = "<group>";
		};
		B4BFC4861F67D6FB00439EDD /* AD */ = {
			isa = PBXGroup;
			children = (
				B4BFC4871F67D6FB00439EDD /* Controller */,
				B4BFC4881F67D6FB00439EDD /* Model */,
				B4BFC4891F67D6FB00439EDD /* View */,
			);
			path = AD;
			sourceTree = "<group>";
		};
		B4BFC4871F67D6FB00439EDD /* Controller */ = {
			isa = PBXGroup;
			children = (
				B4BFC48A1F67D70F00439EDD /* XYADViewController.h */,
				B4BFC48B1F67D70F00439EDD /* XYADViewController.m */,
				B4BFC48C1F67D70F00439EDD /* XYADViewController.xib */,
			);
			path = Controller;
			sourceTree = "<group>";
		};
		B4BFC4881F67D6FB00439EDD /* Model */ = {
			isa = PBXGroup;
			children = (
			);
			path = Model;
			sourceTree = "<group>";
		};
		B4BFC4891F67D6FB00439EDD /* View */ = {
			isa = PBXGroup;
			children = (
			);
			path = View;
			sourceTree = "<group>";
		};
		B4BFC48F1F67D8CA00439EDD /* Images */ = {
			isa = PBXGroup;
			children = (
				B4BFC4901F67D8ED00439EDD /* 启动图片 */,
			);
			path = Images;
			sourceTree = "<group>";
		};
		B4BFC4901F67D8ED00439EDD /* 启动图片 */ = {
			isa = PBXGroup;
			children = (
				B4BFC4911F67D8ED00439EDD /* LaunchImage-568h@2x.png */,
				B4BFC4921F67D8ED00439EDD /* LaunchImage-700-568h@2x.png */,
				B4BFC4931F67D8ED00439EDD /* LaunchImage-700@2x.png */,
				B4BFC4941F67D8ED00439EDD /* LaunchImage-800-667h@2x.png */,
				B4BFC4951F67D8ED00439EDD /* LaunchImage-800-Portrait-736h@3x.png */,
				B4BFC4961F67D8ED00439EDD /* LaunchImage.png */,
				B4BFC4971F67D8ED00439EDD /* LaunchImage@2x.png */,
			);
			path = "启动图片";
			sourceTree = "<group>";
		};
/* End PBXGroup section */

/* Begin PBXNativeTarget section */
		B49690111F62444300F7A17C /* BuDeJie */ = {
			isa = PBXNativeTarget;
			buildConfigurationList = B496903F1F62444300F7A17C /* Build configuration list for PBXNativeTarget "BuDeJie" */;
			buildPhases = (
				B496900E1F62444300F7A17C /* Sources */,
				B496900F1F62444300F7A17C /* Frameworks */,
				B49690101F62444300F7A17C /* Resources */,
			);
			buildRules = (
			);
			dependencies = (
			);
			name = BuDeJie;
			productName = BuDeJie;
			productReference = B49690121F62444300F7A17C /* BuDeJie.app */;
			productType = "com.apple.product-type.application";
		};
		B496902A1F62444300F7A17C /* BuDeJieTests */ = {
			isa = PBXNativeTarget;
			buildConfigurationList = B49690421F62444300F7A17C /* Build configuration list for PBXNativeTarget "BuDeJieTests" */;
			buildPhases = (
				B49690271F62444300F7A17C /* Sources */,
				B49690281F62444300F7A17C /* Frameworks */,
				B49690291F62444300F7A17C /* Resources */,
			);
			buildRules = (
			);
			dependencies = (
				B496902D1F62444300F7A17C /* PBXTargetDependency */,
			);
			name = BuDeJieTests;
			productName = BuDeJieTests;
			productReference = B496902B1F62444300F7A17C /* BuDeJieTests.xctest */;
			productType = "com.apple.product-type.bundle.unit-test";
		};
		B49690351F62444300F7A17C /* BuDeJieUITests */ = {
			isa = PBXNativeTarget;
			buildConfigurationList = B49690451F62444300F7A17C /* Build configuration list for PBXNativeTarget "BuDeJieUITests" */;
			buildPhases = (
				B49690321F62444300F7A17C /* Sources */,
				B49690331F62444300F7A17C /* Frameworks */,
				B49690341F62444300F7A17C /* Resources */,
			);
			buildRules = (
			);
			dependencies = (
				B49690381F62444300F7A17C /* PBXTargetDependency */,
			);
			name = BuDeJieUITests;
			productName = BuDeJieUITests;
			productReference = B49690361F62444300F7A17C /* BuDeJieUITests.xctest */;
			productType = "com.apple.product-type.bundle.ui-testing";
		};
/* End PBXNativeTarget section */

/* Begin PBXProject section */
		B496900A1F62444300F7A17C /* Project object */ = {
			isa = PBXProject;
			attributes = {
				CLASSPREFIX = XY;
				LastUpgradeCheck = 0830;
				ORGANIZATIONNAME = XiaoYou;
				TargetAttributes = {
					B49690111F62444300F7A17C = {
						CreatedOnToolsVersion = 8.3.3;
						DevelopmentTeam = SLUU2646N5;
						ProvisioningStyle = Automatic;
					};
					B496902A1F62444300F7A17C = {
						CreatedOnToolsVersion = 8.3.3;
						DevelopmentTeam = SLUU2646N5;
						ProvisioningStyle = Automatic;
						TestTargetID = B49690111F62444300F7A17C;
					};
					B49690351F62444300F7A17C = {
						CreatedOnToolsVersion = 8.3.3;
						DevelopmentTeam = SLUU2646N5;
						ProvisioningStyle = Automatic;
						TestTargetID = B49690111F62444300F7A17C;
					};
				};
			};
			buildConfigurationList = B496900D1F62444300F7A17C /* Build configuration list for PBXProject "BuDeJie" */;
			compatibilityVersion = "Xcode 3.2";
			developmentRegion = English;
			hasScannedForEncodings = 0;
			knownRegions = (
				en,
				Base,
			);
			mainGroup = B49690091F62444300F7A17C;
			productRefGroup = B49690131F62444300F7A17C /* Products */;
			projectDirPath = "";
			projectRoot = "";
			targets = (
				B49690111F62444300F7A17C /* BuDeJie */,
				B496902A1F62444300F7A17C /* BuDeJieTests */,
				B49690351F62444300F7A17C /* BuDeJieUITests */,
			);
		};
/* End PBXProject section */

/* Begin PBXResourcesBuildPhase section */
		B49690101F62444300F7A17C /* Resources */ = {
			isa = PBXResourcesBuildPhase;
			buildActionMask = 2147483647;
			files = (
				B4BFC48E1F67D70F00439EDD /* XYADViewController.xib in Resources */,
				B4BFC49C1F67D8ED00439EDD /* LaunchImage-800-Portrait-736h@3x.png in Resources */,
				B49690251F62444300F7A17C /* LaunchScreen.storyboard in Resources */,
				B4BFC49E1F67D8ED00439EDD /* LaunchImage@2x.png in Resources */,
				B4BFC4991F67D8ED00439EDD /* LaunchImage-700-568h@2x.png in Resources */,
				B4BFC49B1F67D8ED00439EDD /* LaunchImage-800-667h@2x.png in Resources */,
				B4BFC4981F67D8ED00439EDD /* LaunchImage-568h@2x.png in Resources */,
				B4BFC49D1F67D8ED00439EDD /* LaunchImage.png in Resources */,
				B49690221F62444300F7A17C /* Assets.xcassets in Resources */,
				B4BFC49A1F67D8ED00439EDD /* LaunchImage-700@2x.png in Resources */,
				B49690201F62444300F7A17C /* Main.storyboard in Resources */,
			);
			runOnlyForDeploymentPostprocessing = 0;
		};
		B49690291F62444300F7A17C /* Resources */ = {
			isa = PBXResourcesBuildPhase;
			buildActionMask = 2147483647;
			files = (
			);
			runOnlyForDeploymentPostprocessing = 0;
		};
		B49690341F62444300F7A17C /* Resources */ = {
			isa = PBXResourcesBuildPhase;
			buildActionMask = 2147483647;
			files = (
			);
			runOnlyForDeploymentPostprocessing = 0;
		};
/* End PBXResourcesBuildPhase section */

/* Begin PBXSourcesBuildPhase section */
		B496900E1F62444300F7A17C /* Sources */ = {
			isa = PBXSourcesBuildPhase;
			buildActionMask = 2147483647;
			files = (
				B496907E1F62A04900F7A17C /* XYTabbarController.m in Sources */,
				B4BFC47E1F67041300439EDD /* XYNavigationController.m in Sources */,
				B496906B1F62935400F7A17C /* XYEssenceViewController.m in Sources */,
				B496906E1F629F0B00F7A17C /* XYFriendTrendViewController.m in Sources */,
				B49690771F629FE400F7A17C /* XYProfileViewController.m in Sources */,
				B4D4952E1F6688DF00A5EE5E /* XYTabBar.m in Sources */,
				B4BFC4851F67105A00439EDD /* XYSettingsViewController.m in Sources */,
				B4BFC47B1F6700A100439EDD /* UIBarButtonItem+XYAdd.m in Sources */,
				B49690681F6292AA00F7A17C /* main.m in Sources */,
				B49690741F629F9C00F7A17C /* XYPublishViewController.m in Sources */,
				B49690671F6292AA00F7A17C /* AppDelegate.m in Sources */,
				B49690711F629F2B00F7A17C /* XYNewViewController.m in Sources */,
				B49E6EC31F630D2D00826DF9 /* UIImage+XYAdd.m in Sources */,
				B4BFC48D1F67D70F00439EDD /* XYADViewController.m in Sources */,
				B4BFC4771F66F69400439EDD /* UIView+XYAdd.m in Sources */,
			);
			runOnlyForDeploymentPostprocessing = 0;
		};
		B49690271F62444300F7A17C /* Sources */ = {
			isa = PBXSourcesBuildPhase;
			buildActionMask = 2147483647;
			files = (
				B49690301F62444300F7A17C /* BuDeJieTests.m in Sources */,
			);
			runOnlyForDeploymentPostprocessing = 0;
		};
		B49690321F62444300F7A17C /* Sources */ = {
			isa = PBXSourcesBuildPhase;
			buildActionMask = 2147483647;
			files = (
				B496903B1F62444300F7A17C /* BuDeJieUITests.m in Sources */,
			);
			runOnlyForDeploymentPostprocessing = 0;
		};
/* End PBXSourcesBuildPhase section */

/* Begin PBXTargetDependency section */
		B496902D1F62444300F7A17C /* PBXTargetDependency */ = {
			isa = PBXTargetDependency;
			target = B49690111F62444300F7A17C /* BuDeJie */;
			targetProxy = B496902C1F62444300F7A17C /* PBXContainerItemProxy */;
		};
		B49690381F62444300F7A17C /* PBXTargetDependency */ = {
			isa = PBXTargetDependency;
			target = B49690111F62444300F7A17C /* BuDeJie */;
			targetProxy = B49690371F62444300F7A17C /* PBXContainerItemProxy */;
		};
/* End PBXTargetDependency section */

/* Begin PBXVariantGroup section */
		B496901E1F62444300F7A17C /* Main.storyboard */ = {
			isa = PBXVariantGroup;
			children = (
				B496901F1F62444300F7A17C /* Base */,
			);
			name = Main.storyboard;
			sourceTree = "<group>";
		};
		B49690231F62444300F7A17C /* LaunchScreen.storyboard */ = {
			isa = PBXVariantGroup;
			children = (
				B49690241F62444300F7A17C /* Base */,
			);
			name = LaunchScreen.storyboard;
			sourceTree = "<group>";
		};
/* End PBXVariantGroup section */

/* Begin XCBuildConfiguration section */
		B496903D1F62444300F7A17C /* Debug */ = {
			isa = XCBuildConfiguration;
			buildSettings = {
				ALWAYS_SEARCH_USER_PATHS = NO;
				CLANG_ANALYZER_NONNULL = YES;
				CLANG_ANALYZER_NUMBER_OBJECT_CONVERSION = YES_AGGRESSIVE;
				CLANG_CXX_LANGUAGE_STANDARD = "gnu++0x";
				CLANG_CXX_LIBRARY = "libc++";
				CLANG_ENABLE_MODULES = YES;
				CLANG_ENABLE_OBJC_ARC = YES;
				CLANG_WARN_BOOL_CONVERSION = YES;
				CLANG_WARN_CONSTANT_CONVERSION = YES;
				CLANG_WARN_DIRECT_OBJC_ISA_USAGE = YES_ERROR;
				CLANG_WARN_DOCUMENTATION_COMMENTS = YES;
				CLANG_WARN_EMPTY_BODY = YES;
				CLANG_WARN_ENUM_CONVERSION = YES;
				CLANG_WARN_INFINITE_RECURSION = YES;
				CLANG_WARN_INT_CONVERSION = YES;
				CLANG_WARN_OBJC_ROOT_CLASS = YES_ERROR;
				CLANG_WARN_SUSPICIOUS_MOVE = YES;
				CLANG_WARN_UNREACHABLE_CODE = YES;
				CLANG_WARN__DUPLICATE_METHOD_MATCH = YES;
				"CODE_SIGN_IDENTITY[sdk=iphoneos*]" = "iPhone Developer";
				COPY_PHASE_STRIP = NO;
				DEBUG_INFORMATION_FORMAT = dwarf;
				ENABLE_STRICT_OBJC_MSGSEND = YES;
				ENABLE_TESTABILITY = YES;
				GCC_C_LANGUAGE_STANDARD = gnu99;
				GCC_DYNAMIC_NO_PIC = NO;
				GCC_NO_COMMON_BLOCKS = YES;
				GCC_OPTIMIZATION_LEVEL = 0;
				GCC_PREPROCESSOR_DEFINITIONS = (
					"DEBUG=1",
					"$(inherited)",
				);
				GCC_WARN_64_TO_32_BIT_CONVERSION = YES;
				GCC_WARN_ABOUT_RETURN_TYPE = YES_ERROR;
				GCC_WARN_UNDECLARED_SELECTOR = YES;
				GCC_WARN_UNINITIALIZED_AUTOS = YES_AGGRESSIVE;
				GCC_WARN_UNUSED_FUNCTION = YES;
				GCC_WARN_UNUSED_VARIABLE = YES;
				IPHONEOS_DEPLOYMENT_TARGET = 10.3;
				MTL_ENABLE_DEBUG_INFO = YES;
				ONLY_ACTIVE_ARCH = YES;
				SDKROOT = iphoneos;
				TARGETED_DEVICE_FAMILY = "1,2";
			};
			name = Debug;
		};
		B496903E1F62444300F7A17C /* Release */ = {
			isa = XCBuildConfiguration;
			buildSettings = {
				ALWAYS_SEARCH_USER_PATHS = NO;
				CLANG_ANALYZER_NONNULL = YES;
				CLANG_ANALYZER_NUMBER_OBJECT_CONVERSION = YES_AGGRESSIVE;
				CLANG_CXX_LANGUAGE_STANDARD = "gnu++0x";
				CLANG_CXX_LIBRARY = "libc++";
				CLANG_ENABLE_MODULES = YES;
				CLANG_ENABLE_OBJC_ARC = YES;
				CLANG_WARN_BOOL_CONVERSION = YES;
				CLANG_WARN_CONSTANT_CONVERSION = YES;
				CLANG_WARN_DIRECT_OBJC_ISA_USAGE = YES_ERROR;
				CLANG_WARN_DOCUMENTATION_COMMENTS = YES;
				CLANG_WARN_EMPTY_BODY = YES;
				CLANG_WARN_ENUM_CONVERSION = YES;
				CLANG_WARN_INFINITE_RECURSION = YES;
				CLANG_WARN_INT_CONVERSION = YES;
				CLANG_WARN_OBJC_ROOT_CLASS = YES_ERROR;
				CLANG_WARN_SUSPICIOUS_MOVE = YES;
				CLANG_WARN_UNREACHABLE_CODE = YES;
				CLANG_WARN__DUPLICATE_METHOD_MATCH = YES;
				"CODE_SIGN_IDENTITY[sdk=iphoneos*]" = "iPhone Developer";
				COPY_PHASE_STRIP = NO;
				DEBUG_INFORMATION_FORMAT = "dwarf-with-dsym";
				ENABLE_NS_ASSERTIONS = NO;
				ENABLE_STRICT_OBJC_MSGSEND = YES;
				GCC_C_LANGUAGE_STANDARD = gnu99;
				GCC_NO_COMMON_BLOCKS = YES;
				GCC_WARN_64_TO_32_BIT_CONVERSION = YES;
				GCC_WARN_ABOUT_RETURN_TYPE = YES_ERROR;
				GCC_WARN_UNDECLARED_SELECTOR = YES;
				GCC_WARN_UNINITIALIZED_AUTOS = YES_AGGRESSIVE;
				GCC_WARN_UNUSED_FUNCTION = YES;
				GCC_WARN_UNUSED_VARIABLE = YES;
				IPHONEOS_DEPLOYMENT_TARGET = 10.3;
				MTL_ENABLE_DEBUG_INFO = NO;
				SDKROOT = iphoneos;
				TARGETED_DEVICE_FAMILY = "1,2";
				VALIDATE_PRODUCT = YES;
			};
			name = Release;
		};
		B49690401F62444300F7A17C /* Debug */ = {
			isa = XCBuildConfiguration;
			buildSettings = {
				ASSETCATALOG_COMPILER_APPICON_NAME = AppIcon;
				ASSETCATALOG_COMPILER_LAUNCHIMAGE_NAME = LaunchImage;
				"CODE_SIGN_IDENTITY[sdk=iphoneos*]" = "iPhone Developer";
				DEVELOPMENT_TEAM = SLUU2646N5;
				GCC_PRECOMPILE_PREFIX_HEADER = YES;
				GCC_PREFIX_HEADER = "$(SRCROOT)/BuDeJie/BuDeJie.pch";
				INFOPLIST_FILE = BuDeJie/Info.plist;
				IPHONEOS_DEPLOYMENT_TARGET = 8.0;
				LD_RUNPATH_SEARCH_PATHS = "$(inherited) @executable_path/Frameworks";
				PRODUCT_BUNDLE_IDENTIFIER = xiaoyou.BuDeJie;
				PRODUCT_NAME = "$(TARGET_NAME)";
				PROVISIONING_PROFILE_SPECIFIER = "";
				TARGETED_DEVICE_FAMILY = "1,2";
			};
			name = Debug;
		};
		B49690411F62444300F7A17C /* Release */ = {
			isa = XCBuildConfiguration;
			buildSettings = {
				ASSETCATALOG_COMPILER_APPICON_NAME = AppIcon;
				ASSETCATALOG_COMPILER_LAUNCHIMAGE_NAME = LaunchImage;
				"CODE_SIGN_IDENTITY[sdk=iphoneos*]" = "iPhone Developer";
				DEVELOPMENT_TEAM = SLUU2646N5;
				GCC_PRECOMPILE_PREFIX_HEADER = YES;
				GCC_PREFIX_HEADER = "$(SRCROOT)/BuDeJie/BuDeJie.pch";
				INFOPLIST_FILE = BuDeJie/Info.plist;
				IPHONEOS_DEPLOYMENT_TARGET = 8.0;
				LD_RUNPATH_SEARCH_PATHS = "$(inherited) @executable_path/Frameworks";
				PRODUCT_BUNDLE_IDENTIFIER = xiaoyou.BuDeJie;
				PRODUCT_NAME = "$(TARGET_NAME)";
				PROVISIONING_PROFILE_SPECIFIER = "";
				TARGETED_DEVICE_FAMILY = "1,2";
			};
			name = Release;
		};
		B49690431F62444300F7A17C /* Debug */ = {
			isa = XCBuildConfiguration;
			buildSettings = {
				BUNDLE_LOADER = "$(TEST_HOST)";
				DEVELOPMENT_TEAM = SLUU2646N5;
				INFOPLIST_FILE = BuDeJieTests/Info.plist;
				LD_RUNPATH_SEARCH_PATHS = "$(inherited) @executable_path/Frameworks @loader_path/Frameworks";
				PRODUCT_BUNDLE_IDENTIFIER = xiaoyou.BuDeJieTests;
				PRODUCT_NAME = "$(TARGET_NAME)";
				TEST_HOST = "$(BUILT_PRODUCTS_DIR)/BuDeJie.app/BuDeJie";
			};
			name = Debug;
		};
		B49690441F62444300F7A17C /* Release */ = {
			isa = XCBuildConfiguration;
			buildSettings = {
				BUNDLE_LOADER = "$(TEST_HOST)";
				DEVELOPMENT_TEAM = SLUU2646N5;
				INFOPLIST_FILE = BuDeJieTests/Info.plist;
				LD_RUNPATH_SEARCH_PATHS = "$(inherited) @executable_path/Frameworks @loader_path/Frameworks";
				PRODUCT_BUNDLE_IDENTIFIER = xiaoyou.BuDeJieTests;
				PRODUCT_NAME = "$(TARGET_NAME)";
				TEST_HOST = "$(BUILT_PRODUCTS_DIR)/BuDeJie.app/BuDeJie";
			};
			name = Release;
		};
		B49690461F62444300F7A17C /* Debug */ = {
			isa = XCBuildConfiguration;
			buildSettings = {
				DEVELOPMENT_TEAM = SLUU2646N5;
				INFOPLIST_FILE = BuDeJieUITests/Info.plist;
				LD_RUNPATH_SEARCH_PATHS = "$(inherited) @executable_path/Frameworks @loader_path/Frameworks";
				PRODUCT_BUNDLE_IDENTIFIER = xiaoyou.BuDeJieUITests;
				PRODUCT_NAME = "$(TARGET_NAME)";
				TEST_TARGET_NAME = BuDeJie;
			};
			name = Debug;
		};
		B49690471F62444300F7A17C /* Release */ = {
			isa = XCBuildConfiguration;
			buildSettings = {
				DEVELOPMENT_TEAM = SLUU2646N5;
				INFOPLIST_FILE = BuDeJieUITests/Info.plist;
				LD_RUNPATH_SEARCH_PATHS = "$(inherited) @executable_path/Frameworks @loader_path/Frameworks";
				PRODUCT_BUNDLE_IDENTIFIER = xiaoyou.BuDeJieUITests;
				PRODUCT_NAME = "$(TARGET_NAME)";
				TEST_TARGET_NAME = BuDeJie;
			};
			name = Release;
		};
/* End XCBuildConfiguration section */

/* Begin XCConfigurationList section */
		B496900D1F62444300F7A17C /* Build configuration list for PBXProject "BuDeJie" */ = {
			isa = XCConfigurationList;
			buildConfigurations = (
				B496903D1F62444300F7A17C /* Debug */,
				B496903E1F62444300F7A17C /* Release */,
			);
			defaultConfigurationIsVisible = 0;
			defaultConfigurationName = Release;
		};
		B496903F1F62444300F7A17C /* Build configuration list for PBXNativeTarget "BuDeJie" */ = {
			isa = XCConfigurationList;
			buildConfigurations = (
				B49690401F62444300F7A17C /* Debug */,
				B49690411F62444300F7A17C /* Release */,
			);
			defaultConfigurationIsVisible = 0;
			defaultConfigurationName = Release;
		};
		B49690421F62444300F7A17C /* Build configuration list for PBXNativeTarget "BuDeJieTests" */ = {
			isa = XCConfigurationList;
			buildConfigurations = (
				B49690431F62444300F7A17C /* Debug */,
				B49690441F62444300F7A17C /* Release */,
			);
			defaultConfigurationIsVisible = 0;
			defaultConfigurationName = Release;
		};
		B49690451F62444300F7A17C /* Build configuration list for PBXNativeTarget "BuDeJieUITests" */ = {
			isa = XCConfigurationList;
			buildConfigurations = (
				B49690461F62444300F7A17C /* Debug */,
				B49690471F62444300F7A17C /* Release */,
			);
			defaultConfigurationIsVisible = 0;
			defaultConfigurationName = Release;
		};
/* End XCConfigurationList section */
	};
	rootObject = B496900A1F62444300F7A17C /* Project object */;
}
